
Microsoft Visual Studio Solution File, Format Version 12.00
# Visual Studio Version 17
VisualStudioVersion = 17.1.32319.34
MinimumVisualStudioVersion = 10.0.40219.1
Project("{8BC9CEB8-8B4A-11D0-8D11-00A0C91BC942}") = "Zadanie_1", "Zadanie_1\Zadanie_1.vcxproj", "{B65319DA-12ED-4E20-A3BD-2646BCA6B7FA}"
EndProject
Project("{8BC9CEB8-8B4A-11D0-8D11-00A0C91BC942}") = "Zadanie5", "Zadanie5\Zadanie5.vcxproj", "{B8BDEAC0-6505-4CA6-B387-89E9CB39F476}"
EndProject
Project("{8BC9CEB8-8B4A-11D0-8D11-00A0C91BC942}") = "Zadanie6", "Zadanie6\Zadanie6.vcxproj", "{2F6CB863-B5AD-4896-8BF9-99710916BE41}"
EndProject
Project("{8BC9CEB8-8B4A-11D0-8D11-00A0C91BC942}") = "Zadanie7", "Zadanie7\Zadanie7.vcxproj", "{EB9B10EC-162F-4BBB-9EBA-CBAAAE86522B}"
EndProject
Project("{8BC9CEB8-8B4A-11D0-8D11-00A0C91BC942}") = "Zadanie9", "Zadanie9\Zadanie9.vcxproj", "{CA6ACB02-BC96-43A9-AB5D-8FDAB918347E}"
EndProject
Project("{8BC9CEB8-8B4A-11D0-8D11-00A0C91BC942}") = "Zadanie8", "Zadanie8\Zadanie8.vcxproj", "{A93758F0-5D06-47BE-B8DD-DCBC936CC5F9}"
EndProject
Project("{8BC9CEB8-8B4A-11D0-8D11-00A0C91BC942}") = "nauka_wlasna", "nauka_wlasna\nauka_wlasna.vcxproj", "{22BA44A0-4B74-431E-97DE-36B97A412D50}"
EndProject
Project("{8BC9CEB8-8B4A-11D0-8D11-00A0C91BC942}") = "Zadanie10", "Zadanie10\Zadanie10.vcxproj", "{A0E50740-A81A-483F-A6AF-291DA3E08525}"
EndProject
Project("{8BC9CEB8-8B4A-11D0-8D11-00A0C91BC942}") = "Zadanie11", "Zadanie11\Zadanie11.vcxproj", "{01D956D5-85B2-4753-87B6-0AC82826B7AC}"
EndProject
Project("{8BC9CEB8-8B4A-11D0-8D11-00A0C91BC942}") = "Zadanie12", "Zadanie12\Zadanie12.vcxproj", "{0F3646D4-77B2-4FD9-BDFB-1E202CB5D51E}"
EndProject
Project("{8BC9CEB8-8B4A-11D0-8D11-00A0C91BC942}") = "Zadanie13", "Zadanie13\Zadanie13.vcxproj", "{A7465189-B6F6-41C2-BD4D-1D55B4BC359A}"
EndProject
Project("{8BC9CEB8-8B4A-11D0-8D11-00A0C91BC942}") = "Zadanie14", "Zadanie14\Zadanie14.vcxproj", "{9A53BA87-25A7-45C7-980A-FFCF47297E26}"
EndProject
Project("{8BC9CEB8-8B4A-11D0-8D11-00A0C91BC942}") = "Zadanie15", "Zadanie15\Zadanie15.vcxproj", "{4CDB0B76-3531-42E6-A30F-15983D93043C}"
EndProject
Project("{8BC9CEB8-8B4A-11D0-8D11-00A0C91BC942}") = "Zadanie16", "Zadanie16\Zadanie16.vcxproj", "{9E874361-9272-4D2E-B5AB-E8C0ED56C8F9}"
EndProject
Project("{8BC9CEB8-8B4A-11D0-8D11-00A0C91BC942}") = "Zadanie17", "Zadanie17\Zadanie17.vcxproj", "{3D9C1DD1-1E69-46A9-943D-5D3B351B1568}"
EndProject
Project("{8BC9CEB8-8B4A-11D0-8D11-00A0C91BC942}") = "Zadanie18", "Zadanie18\Zadanie18.vcxproj", "{77FB856B-93F1-4146-B8F6-AD88DE96A754}"
EndProject
Project("{8BC9CEB8-8B4A-11D0-8D11-00A0C91BC942}") = "Zadanie19", "Zadanie19\Zadanie19.vcxproj", "{03ECB3C2-1EBD-47D7-B194-B0C1AF61EA8A}"
EndProject
Project("{8BC9CEB8-8B4A-11D0-8D11-00A0C91BC942}") = "Zadanie20", "Zadanie20\Zadanie20.vcxproj", "{FCA0DE78-1B06-4ADB-99A0-BA97B87B2A4A}"
EndProject
Project("{8BC9CEB8-8B4A-11D0-8D11-00A0C91BC942}") = "Zadanie22", "Zadanie22\Zadanie22.vcxproj", "{004396BF-7983-4E2B-BE0D-F7C8EF6A66BA}"
EndProject
Project("{8BC9CEB8-8B4A-11D0-8D11-00A0C91BC942}") = "Zadanie24", "Zadanie24\Zadanie24.vcxproj", "{726FEABF-73A9-48A8-A208-11E6B9F415C4}"
EndProject
Project("{8BC9CEB8-8B4A-11D0-8D11-00A0C91BC942}") = "Zadanie25", "Zadanie25\Zadanie25.vcxproj", "{EFD771E3-B1AF-4C41-A14F-FEAAE83AE90E}"
EndProject
Project("{8BC9CEB8-8B4A-11D0-8D11-00A0C91BC942}") = "Zadanie21", "Zadanie21\Zadanie21.vcxproj", "{9F26A1AA-FEA3-4E0D-8580-7A2E3AA8D1CA}"
EndProject
Project("{8BC9CEB8-8B4A-11D0-8D11-00A0C91BC942}") = "Zdanie12_modyfikacja_funkcje", "Zdanie12_modyfikacja_funkcje\Zdanie12_modyfikacja_funkcje.vcxproj", "{C006DE6B-52B3-498E-B414-B51388E6FA2C}"
EndProject
Project("{8BC9CEB8-8B4A-11D0-8D11-00A0C91BC942}") = "funkcja_void", "funkcja_void\funkcja_void.vcxproj", "{50C0FDE6-6DA1-4AB6-B7D6-DDBA1C43DDD1}"
EndProject
Project("{8BC9CEB8-8B4A-11D0-8D11-00A0C91BC942}") = "Zadanie26", "Zadanie26\Zadanie26.vcxproj", "{E5DD4831-F216-4161-A170-905C7EEB3EAB}"
EndProject
Project("{8BC9CEB8-8B4A-11D0-8D11-00A0C91BC942}") = "Zadanie 27", "Zadanie 27\Zadanie 27.vcxproj", "{D0712341-0A45-4FB0-95C9-780CE5513A3B}"
EndProject
Project("{8BC9CEB8-8B4A-11D0-8D11-00A0C91BC942}") = "Zadanie28", "Zadanie28\Zadanie28.vcxproj", "{3B3F5D89-DE76-4396-936B-6C49261909A3}"
EndProject
Project("{8BC9CEB8-8B4A-11D0-8D11-00A0C91BC942}") = "Zadanie29", "Zadanie29\Zadanie29.vcxproj", "{9E8713C2-19F9-4F4C-A126-900490D05ED6}"
EndProject
Project("{8BC9CEB8-8B4A-11D0-8D11-00A0C91BC942}") = "Zadanie23", "Zadanie23\Zadanie23.vcxproj", "{FAA3BC34-0E2F-4412-9507-514AA9487DDD}"
EndProject
Project("{8BC9CEB8-8B4A-11D0-8D11-00A0C91BC942}") = "Zadanie 21_2", "Zadanie 21_2\Zadanie 21_2.vcxproj", "{AB99E4EC-1E39-4A70-BEFB-91E4DCB09FAA}"
EndProject
Project("{8BC9CEB8-8B4A-11D0-8D11-00A0C91BC942}") = "Zadanie12+funkcje", "Zadanie12+funkcje\Zadanie12+funkcje.vcxproj", "{F48942D7-24A8-4D4B-93D0-B451A8CEBEEF}"
EndProject
Project("{8BC9CEB8-8B4A-11D0-8D11-00A0C91BC942}") = "Zadanie30", "Zadanie30\Zadanie30.vcxproj", "{CA2DA87E-4C00-4B69-96C8-858B32BD54E7}"
EndProject
Project("{8BC9CEB8-8B4A-11D0-8D11-00A0C91BC942}") = "Zadanie31", "Zadanie31\Zadanie31.vcxproj", "{8DAE00CF-0A6B-4814-A707-60B925F8AA49}"
EndProject
Project("{8BC9CEB8-8B4A-11D0-8D11-00A0C91BC942}") = "Zadanie32", "Zadanie32\Zadanie32.vcxproj", "{1663AE4F-93D9-4C97-8EDB-CFB33FB22B4F}"
EndProject
Project("{8BC9CEB8-8B4A-11D0-8D11-00A0C91BC942}") = "Zadanie33", "Zadanie33\Zadanie33.vcxproj", "{43133A8F-C893-4F06-8818-EB1920C8E8A0}"
EndProject
Project("{8BC9CEB8-8B4A-11D0-8D11-00A0C91BC942}") = "Zadanie_continue", "Zadanie_continue\Zadanie_continue.vcxproj", "{6B2725DB-14B3-44D6-A09A-05958538892F}"
EndProject
Project("{8BC9CEB8-8B4A-11D0-8D11-00A0C91BC942}") = "Zadanie34", "Zadanie34\Zadanie34.vcxproj", "{8CAA3DCC-17FB-4437-8BC3-A7F1FAF671E8}"
EndProject
Project("{8BC9CEB8-8B4A-11D0-8D11-00A0C91BC942}") = "sandbox", "sandbox\sandbox.vcxproj", "{FDD72F1F-5B97-429F-B798-36763E9011FB}"
EndProject
Project("{8BC9CEB8-8B4A-11D0-8D11-00A0C91BC942}") = "Zadanie26_w domu", "Zadanie26_w domu\Zadanie26_w domu.vcxproj", "{695EDF05-4F48-4DC3-8A9A-9C4C1612776C}"
EndProject
Project("{8BC9CEB8-8B4A-11D0-8D11-00A0C91BC942}") = "Zadanie27_w domu", "Zadanie27_w domu\Zadanie27_w domu.vcxproj", "{42FA4BE3-470D-4AE6-80DA-D8279778E82C}"
EndProject
Project("{8BC9CEB8-8B4A-11D0-8D11-00A0C91BC942}") = "ZadanieDomowe1", "ZadanieDomowe1\ZadanieDomowe1.vcxproj", "{02C6C2A8-A6C6-4EFC-B04A-DE3443C87F41}"
EndProject
Project("{8BC9CEB8-8B4A-11D0-8D11-00A0C91BC942}") = "ZadanieDomowe2", "ZadanieDomowe2\ZadanieDomowe2.vcxproj", "{A43B0D25-0A45-48DB-A50B-2735D20FD2E1}"
EndProject
Project("{8BC9CEB8-8B4A-11D0-8D11-00A0C91BC942}") = "ZadanieDomowe3", "ZadanieDomowe3\ZadanieDomowe3.vcxproj", "{28C8709B-A7A2-4E57-8C54-2D590B9F88B3}"
EndProject
Project("{8BC9CEB8-8B4A-11D0-8D11-00A0C91BC942}") = "Zadanie28_w domu", "Zadanie28_w domu\Zadanie28_w domu.vcxproj", "{0ECE6B3B-D5FB-414B-ADAB-608E6BADD640}"
EndProject
Project("{8BC9CEB8-8B4A-11D0-8D11-00A0C91BC942}") = "Zadanie29_w domu", "Zadanie29_w domu\Zadanie29_w domu.vcxproj", "{EAFBAECB-A40F-4275-A616-9B173213E7C2}"
EndProject
Project("{8BC9CEB8-8B4A-11D0-8D11-00A0C91BC942}") = "Zadanie30_w  domu_REKURENCJA", "Zdanie30_w  domu\Zdanie30_w  domu.vcxproj", "{6E1B720F-CF9B-4AC8-9A32-9CA03B7A6377}"
EndProject
Project("{8BC9CEB8-8B4A-11D0-8D11-00A0C91BC942}") = "Zadanie31_w domu", "Zadanie31_w domu\Zadanie31_w domu.vcxproj", "{BA0E020F-B14A-4B06-AF5A-EBF9FC5B5247}"
EndProject
Project("{8BC9CEB8-8B4A-11D0-8D11-00A0C91BC942}") = "Zadanie32_w domu", "Zadanie32_w domu\Zadanie32_w domu.vcxproj", "{68FDC2BF-C258-4A86-916C-F2F29C56EABA}"
EndProject
Project("{8BC9CEB8-8B4A-11D0-8D11-00A0C91BC942}") = "ZadanieDomowe3_z gwiazdka", "ZadanieDomowe3_z gwiazdka\ZadanieDomowe3_z gwiazdka.vcxproj", "{B83702B1-215E-4CA1-9BEA-D55DC3B8B486}"
EndProject
Project("{8BC9CEB8-8B4A-11D0-8D11-00A0C91BC942}") = "Brudnopis", "Brudnopis\Brudnopis.vcxproj", "{ED2E453A-566F-47C8-8BC8-4E33417FCFBC}"
EndProject
Project("{8BC9CEB8-8B4A-11D0-8D11-00A0C91BC942}") = "Zadanie35", "Zadanie35\Zadanie35.vcxproj", "{AE46BFF8-9776-4256-8FB6-4B51D05C94F0}"
EndProject
Project("{8BC9CEB8-8B4A-11D0-8D11-00A0C91BC942}") = "Zadanie37", "Zadanie37\Zadanie37.vcxproj", "{8BEC892A-901B-4A3E-8823-E63A21706E13}"
EndProject
Project("{8BC9CEB8-8B4A-11D0-8D11-00A0C91BC942}") = "Zadanie37_funkcja", "Zadanie37_funkcja\Zadanie37_funkcja.vcxproj", "{D06F0576-6113-4C72-9D14-5C964C68EF5D}"
EndProject
Project("{8BC9CEB8-8B4A-11D0-8D11-00A0C91BC942}") = "Zadanie39", "Zadanie39\Zadanie39.vcxproj", "{D8CC9315-93CD-48C1-B5F2-8D75B52EAF94}"
EndProject
Project("{8BC9CEB8-8B4A-11D0-8D11-00A0C91BC942}") = "Zadanie40", "Zadanie40\Zadanie40.vcxproj", "{E35F55BD-E027-42CA-8147-1B7CFCCEA2E7}"
EndProject
Project("{8BC9CEB8-8B4A-11D0-8D11-00A0C91BC942}") = "Zadanie41", "Zadanie41\Zadanie41.vcxproj", "{A8E2A996-9D10-4673-BE44-8A54A41A9088}"
EndProject
Project("{8BC9CEB8-8B4A-11D0-8D11-00A0C91BC942}") = "Zadanie38 - kalkulator", "Zadanie38 - kalkulator\Zadanie38 - kalkulator.vcxproj", "{7900D6F5-110E-456F-A70E-6231E0EC60C1}"
EndProject
Project("{8BC9CEB8-8B4A-11D0-8D11-00A0C91BC942}") = "Zadanie42", "Zadanie42\Zadanie42.vcxproj", "{DE2B7503-56BF-421B-B2E9-251746640455}"
EndProject
Project("{8BC9CEB8-8B4A-11D0-8D11-00A0C91BC942}") = "brudnopis_tablice", "brudnopis_tablice\brudnopis_tablice.vcxproj", "{9638CE8E-0234-47DB-8A05-A88F00E74B1E}"
EndProject
Project("{8BC9CEB8-8B4A-11D0-8D11-00A0C91BC942}") = "Zadanie44", "Zadanie44\Zadanie44.vcxproj", "{3BAADDE5-10BD-49AF-9BDA-F0D64B898B69}"
EndProject
Project("{8BC9CEB8-8B4A-11D0-8D11-00A0C91BC942}") = "Zadanie45", "Zadanie45\Zadanie45.vcxproj", "{3B58AF5B-6ADA-4FB7-96F5-F0499A41D9E7}"
EndProject
Project("{8BC9CEB8-8B4A-11D0-8D11-00A0C91BC942}") = "brudnopis_tablice wielowymiarowe", "brudnopis_tablice wielowymiarowe\brudnopis_tablice wielowymiarowe.vcxproj", "{02FCF438-2C9E-460E-914D-A5C5ACDB9514}"
EndProject
Project("{8BC9CEB8-8B4A-11D0-8D11-00A0C91BC942}") = "Zadanie46", "Zadanie46\Zadanie46.vcxproj", "{3F96955C-CCB9-496B-A24E-3D8EF1C53C49}"
EndProject
Project("{8BC9CEB8-8B4A-11D0-8D11-00A0C91BC942}") = "Zadanie47", "Zadanie47\Zadanie47.vcxproj", "{6E6798D5-F081-4E1F-8455-7A414652DCF0}"
EndProject
Project("{8BC9CEB8-8B4A-11D0-8D11-00A0C91BC942}") = "brednopis rzutowanie", "brednopis rzutowanie\brednopis rzutowanie.vcxproj", "{C490223D-8051-4F8B-8B72-2D488216C884}"
EndProject
Project("{8BC9CEB8-8B4A-11D0-8D11-00A0C91BC942}") = "Zadanie48", "Zadanie48\Zadanie48.vcxproj", "{78916EDC-3BFA-4D66-BDE9-5417FAF4608E}"
EndProject
Project("{8BC9CEB8-8B4A-11D0-8D11-00A0C91BC942}") = "Zadanie49", "Zadanie49\Zadanie49.vcxproj", "{06B8124B-73AD-4550-80ED-C854C6D6FF1B}"
EndProject
Project("{8BC9CEB8-8B4A-11D0-8D11-00A0C91BC942}") = "brudnopis string", "brudnopis string\brudnopis string.vcxproj", "{8954EE14-5735-4FE8-81EF-5B71953E9CB0}"
EndProject
Project("{8BC9CEB8-8B4A-11D0-8D11-00A0C91BC942}") = "Zadanie51", "Zadanie51\Zadanie51.vcxproj", "{D3658091-85DE-4FB6-ADF3-49CCE2BCBB2C}"
EndProject
Project("{8BC9CEB8-8B4A-11D0-8D11-00A0C91BC942}") = "Zadanie52", "Zadanie52\Zadanie52.vcxproj", "{ED18087A-9149-444A-AF8F-C68A9FB5D77B}"
EndProject
Project("{8BC9CEB8-8B4A-11D0-8D11-00A0C91BC942}") = "ZadanieDomowe4", "ZadanieDomowe4\ZadanieDomowe4.vcxproj", "{B35573BC-E9A2-4611-8E8A-EC959CC80A2A}"
EndProject
Project("{8BC9CEB8-8B4A-11D0-8D11-00A0C91BC942}") = "ZadanieDomowe5", "ZadanieDomowe5\ZadanieDomowe5.vcxproj", "{E20174EB-F277-4534-8337-A039F902A8BC}"
EndProject
Project("{8BC9CEB8-8B4A-11D0-8D11-00A0C91BC942}") = "ZadanieDomowe6", "ZadanieDomowe6\ZadanieDomowe6.vcxproj", "{8688FABA-D0FC-49DA-B555-9DADCD401E74}"
EndProject
Project("{8BC9CEB8-8B4A-11D0-8D11-00A0C91BC942}") = "ZadanieDomowe6_z gwiazdką", "ZadanieDomowe6_z gwiazdką\ZadanieDomowe6_z gwiazdką.vcxproj", "{9ECF6941-8993-40BA-A9BB-BC2F74DFA202}"
EndProject
Project("{8BC9CEB8-8B4A-11D0-8D11-00A0C91BC942}") = "Zadanie43", "Zadanie43\Zadanie43.vcxproj", "{7857C216-07CF-4667-BAA1-F1E070109B1C}"
EndProject
Project("{8BC9CEB8-8B4A-11D0-8D11-00A0C91BC942}") = "Zadanie50", "Zadanie50\Zadanie50.vcxproj", "{0F02EAD5-35A0-4A8E-8B36-673F6FC8C744}"
EndProject
Project("{8BC9CEB8-8B4A-11D0-8D11-00A0C91BC942}") = "tablica trójwymiarowa", "tablica trójwymiarowa\tablica trójwymiarowa.vcxproj", "{A7387FDC-6E1C-41F6-A3FF-112BE5DF1C53}"
EndProject
Project("{8BC9CEB8-8B4A-11D0-8D11-00A0C91BC942}") = "Zadanie54", "Zadanie54\Zadanie54.vcxproj", "{8B3C960F-5B23-4FBB-A951-AAE5B3258CE1}"
EndProject
Project("{8BC9CEB8-8B4A-11D0-8D11-00A0C91BC942}") = "zwrócenie_stringa_z_funkcji", "zwrócenie_stringa_z_funkcji\zwrócenie_stringa_z_funkcji.vcxproj", "{9CFDC471-94D0-45B2-A6EB-5AC9B1298FF5}"
EndProject
Global
	GlobalSection(SolutionConfigurationPlatforms) = preSolution
		Debug|x64 = Debug|x64
		Debug|x86 = Debug|x86
		Release|x64 = Release|x64
		Release|x86 = Release|x86
	EndGlobalSection
	GlobalSection(ProjectConfigurationPlatforms) = postSolution
		{B65319DA-12ED-4E20-A3BD-2646BCA6B7FA}.Debug|x64.ActiveCfg = Debug|x64
		{B65319DA-12ED-4E20-A3BD-2646BCA6B7FA}.Debug|x64.Build.0 = Debug|x64
		{B65319DA-12ED-4E20-A3BD-2646BCA6B7FA}.Debug|x86.ActiveCfg = Debug|Win32
		{B65319DA-12ED-4E20-A3BD-2646BCA6B7FA}.Debug|x86.Build.0 = Debug|Win32
		{B65319DA-12ED-4E20-A3BD-2646BCA6B7FA}.Release|x64.ActiveCfg = Release|x64
		{B65319DA-12ED-4E20-A3BD-2646BCA6B7FA}.Release|x64.Build.0 = Release|x64
		{B65319DA-12ED-4E20-A3BD-2646BCA6B7FA}.Release|x86.ActiveCfg = Release|Win32
		{B65319DA-12ED-4E20-A3BD-2646BCA6B7FA}.Release|x86.Build.0 = Release|Win32
		{B8BDEAC0-6505-4CA6-B387-89E9CB39F476}.Debug|x64.ActiveCfg = Debug|x64
		{B8BDEAC0-6505-4CA6-B387-89E9CB39F476}.Debug|x64.Build.0 = Debug|x64
		{B8BDEAC0-6505-4CA6-B387-89E9CB39F476}.Debug|x86.ActiveCfg = Debug|Win32
		{B8BDEAC0-6505-4CA6-B387-89E9CB39F476}.Debug|x86.Build.0 = Debug|Win32
		{B8BDEAC0-6505-4CA6-B387-89E9CB39F476}.Release|x64.ActiveCfg = Release|x64
		{B8BDEAC0-6505-4CA6-B387-89E9CB39F476}.Release|x64.Build.0 = Release|x64
		{B8BDEAC0-6505-4CA6-B387-89E9CB39F476}.Release|x86.ActiveCfg = Release|Win32
		{B8BDEAC0-6505-4CA6-B387-89E9CB39F476}.Release|x86.Build.0 = Release|Win32
		{2F6CB863-B5AD-4896-8BF9-99710916BE41}.Debug|x64.ActiveCfg = Debug|x64
		{2F6CB863-B5AD-4896-8BF9-99710916BE41}.Debug|x64.Build.0 = Debug|x64
		{2F6CB863-B5AD-4896-8BF9-99710916BE41}.Debug|x86.ActiveCfg = Debug|Win32
		{2F6CB863-B5AD-4896-8BF9-99710916BE41}.Debug|x86.Build.0 = Debug|Win32
		{2F6CB863-B5AD-4896-8BF9-99710916BE41}.Release|x64.ActiveCfg = Release|x64
		{2F6CB863-B5AD-4896-8BF9-99710916BE41}.Release|x64.Build.0 = Release|x64
		{2F6CB863-B5AD-4896-8BF9-99710916BE41}.Release|x86.ActiveCfg = Release|Win32
		{2F6CB863-B5AD-4896-8BF9-99710916BE41}.Release|x86.Build.0 = Release|Win32
		{EB9B10EC-162F-4BBB-9EBA-CBAAAE86522B}.Debug|x64.ActiveCfg = Debug|x64
		{EB9B10EC-162F-4BBB-9EBA-CBAAAE86522B}.Debug|x64.Build.0 = Debug|x64
		{EB9B10EC-162F-4BBB-9EBA-CBAAAE86522B}.Debug|x86.ActiveCfg = Debug|Win32
		{EB9B10EC-162F-4BBB-9EBA-CBAAAE86522B}.Debug|x86.Build.0 = Debug|Win32
		{EB9B10EC-162F-4BBB-9EBA-CBAAAE86522B}.Release|x64.ActiveCfg = Release|x64
		{EB9B10EC-162F-4BBB-9EBA-CBAAAE86522B}.Release|x64.Build.0 = Release|x64
		{EB9B10EC-162F-4BBB-9EBA-CBAAAE86522B}.Release|x86.ActiveCfg = Release|Win32
		{EB9B10EC-162F-4BBB-9EBA-CBAAAE86522B}.Release|x86.Build.0 = Release|Win32
		{CA6ACB02-BC96-43A9-AB5D-8FDAB918347E}.Debug|x64.ActiveCfg = Debug|x64
		{CA6ACB02-BC96-43A9-AB5D-8FDAB918347E}.Debug|x64.Build.0 = Debug|x64
		{CA6ACB02-BC96-43A9-AB5D-8FDAB918347E}.Debug|x86.ActiveCfg = Debug|Win32
		{CA6ACB02-BC96-43A9-AB5D-8FDAB918347E}.Debug|x86.Build.0 = Debug|Win32
		{CA6ACB02-BC96-43A9-AB5D-8FDAB918347E}.Release|x64.ActiveCfg = Release|x64
		{CA6ACB02-BC96-43A9-AB5D-8FDAB918347E}.Release|x64.Build.0 = Release|x64
		{CA6ACB02-BC96-43A9-AB5D-8FDAB918347E}.Release|x86.ActiveCfg = Release|Win32
		{CA6ACB02-BC96-43A9-AB5D-8FDAB918347E}.Release|x86.Build.0 = Release|Win32
		{A93758F0-5D06-47BE-B8DD-DCBC936CC5F9}.Debug|x64.ActiveCfg = Debug|x64
		{A93758F0-5D06-47BE-B8DD-DCBC936CC5F9}.Debug|x64.Build.0 = Debug|x64
		{A93758F0-5D06-47BE-B8DD-DCBC936CC5F9}.Debug|x86.ActiveCfg = Debug|Win32
		{A93758F0-5D06-47BE-B8DD-DCBC936CC5F9}.Debug|x86.Build.0 = Debug|Win32
		{A93758F0-5D06-47BE-B8DD-DCBC936CC5F9}.Release|x64.ActiveCfg = Release|x64
		{A93758F0-5D06-47BE-B8DD-DCBC936CC5F9}.Release|x64.Build.0 = Release|x64
		{A93758F0-5D06-47BE-B8DD-DCBC936CC5F9}.Release|x86.ActiveCfg = Release|Win32
		{A93758F0-5D06-47BE-B8DD-DCBC936CC5F9}.Release|x86.Build.0 = Release|Win32
		{22BA44A0-4B74-431E-97DE-36B97A412D50}.Debug|x64.ActiveCfg = Debug|x64
		{22BA44A0-4B74-431E-97DE-36B97A412D50}.Debug|x64.Build.0 = Debug|x64
		{22BA44A0-4B74-431E-97DE-36B97A412D50}.Debug|x86.ActiveCfg = Debug|Win32
		{22BA44A0-4B74-431E-97DE-36B97A412D50}.Debug|x86.Build.0 = Debug|Win32
		{22BA44A0-4B74-431E-97DE-36B97A412D50}.Release|x64.ActiveCfg = Release|x64
		{22BA44A0-4B74-431E-97DE-36B97A412D50}.Release|x64.Build.0 = Release|x64
		{22BA44A0-4B74-431E-97DE-36B97A412D50}.Release|x86.ActiveCfg = Release|Win32
		{22BA44A0-4B74-431E-97DE-36B97A412D50}.Release|x86.Build.0 = Release|Win32
		{A0E50740-A81A-483F-A6AF-291DA3E08525}.Debug|x64.ActiveCfg = Debug|x64
		{A0E50740-A81A-483F-A6AF-291DA3E08525}.Debug|x64.Build.0 = Debug|x64
		{A0E50740-A81A-483F-A6AF-291DA3E08525}.Debug|x86.ActiveCfg = Debug|Win32
		{A0E50740-A81A-483F-A6AF-291DA3E08525}.Debug|x86.Build.0 = Debug|Win32
		{A0E50740-A81A-483F-A6AF-291DA3E08525}.Release|x64.ActiveCfg = Release|x64
		{A0E50740-A81A-483F-A6AF-291DA3E08525}.Release|x64.Build.0 = Release|x64
		{A0E50740-A81A-483F-A6AF-291DA3E08525}.Release|x86.ActiveCfg = Release|Win32
		{A0E50740-A81A-483F-A6AF-291DA3E08525}.Release|x86.Build.0 = Release|Win32
		{01D956D5-85B2-4753-87B6-0AC82826B7AC}.Debug|x64.ActiveCfg = Debug|x64
		{01D956D5-85B2-4753-87B6-0AC82826B7AC}.Debug|x64.Build.0 = Debug|x64
		{01D956D5-85B2-4753-87B6-0AC82826B7AC}.Debug|x86.ActiveCfg = Debug|Win32
		{01D956D5-85B2-4753-87B6-0AC82826B7AC}.Debug|x86.Build.0 = Debug|Win32
		{01D956D5-85B2-4753-87B6-0AC82826B7AC}.Release|x64.ActiveCfg = Release|x64
		{01D956D5-85B2-4753-87B6-0AC82826B7AC}.Release|x64.Build.0 = Release|x64
		{01D956D5-85B2-4753-87B6-0AC82826B7AC}.Release|x86.ActiveCfg = Release|Win32
		{01D956D5-85B2-4753-87B6-0AC82826B7AC}.Release|x86.Build.0 = Release|Win32
		{0F3646D4-77B2-4FD9-BDFB-1E202CB5D51E}.Debug|x64.ActiveCfg = Debug|x64
		{0F3646D4-77B2-4FD9-BDFB-1E202CB5D51E}.Debug|x64.Build.0 = Debug|x64
		{0F3646D4-77B2-4FD9-BDFB-1E202CB5D51E}.Debug|x86.ActiveCfg = Debug|Win32
		{0F3646D4-77B2-4FD9-BDFB-1E202CB5D51E}.Debug|x86.Build.0 = Debug|Win32
		{0F3646D4-77B2-4FD9-BDFB-1E202CB5D51E}.Release|x64.ActiveCfg = Release|x64
		{0F3646D4-77B2-4FD9-BDFB-1E202CB5D51E}.Release|x64.Build.0 = Release|x64
		{0F3646D4-77B2-4FD9-BDFB-1E202CB5D51E}.Release|x86.ActiveCfg = Release|Win32
		{0F3646D4-77B2-4FD9-BDFB-1E202CB5D51E}.Release|x86.Build.0 = Release|Win32
		{A7465189-B6F6-41C2-BD4D-1D55B4BC359A}.Debug|x64.ActiveCfg = Debug|x64
		{A7465189-B6F6-41C2-BD4D-1D55B4BC359A}.Debug|x64.Build.0 = Debug|x64
		{A7465189-B6F6-41C2-BD4D-1D55B4BC359A}.Debug|x86.ActiveCfg = Debug|Win32
		{A7465189-B6F6-41C2-BD4D-1D55B4BC359A}.Debug|x86.Build.0 = Debug|Win32
		{A7465189-B6F6-41C2-BD4D-1D55B4BC359A}.Release|x64.ActiveCfg = Release|x64
		{A7465189-B6F6-41C2-BD4D-1D55B4BC359A}.Release|x64.Build.0 = Release|x64
		{A7465189-B6F6-41C2-BD4D-1D55B4BC359A}.Release|x86.ActiveCfg = Release|Win32
		{A7465189-B6F6-41C2-BD4D-1D55B4BC359A}.Release|x86.Build.0 = Release|Win32
		{9A53BA87-25A7-45C7-980A-FFCF47297E26}.Debug|x64.ActiveCfg = Debug|x64
		{9A53BA87-25A7-45C7-980A-FFCF47297E26}.Debug|x64.Build.0 = Debug|x64
		{9A53BA87-25A7-45C7-980A-FFCF47297E26}.Debug|x86.ActiveCfg = Debug|Win32
		{9A53BA87-25A7-45C7-980A-FFCF47297E26}.Debug|x86.Build.0 = Debug|Win32
		{9A53BA87-25A7-45C7-980A-FFCF47297E26}.Release|x64.ActiveCfg = Release|x64
		{9A53BA87-25A7-45C7-980A-FFCF47297E26}.Release|x64.Build.0 = Release|x64
		{9A53BA87-25A7-45C7-980A-FFCF47297E26}.Release|x86.ActiveCfg = Release|Win32
		{9A53BA87-25A7-45C7-980A-FFCF47297E26}.Release|x86.Build.0 = Release|Win32
		{4CDB0B76-3531-42E6-A30F-15983D93043C}.Debug|x64.ActiveCfg = Debug|x64
		{4CDB0B76-3531-42E6-A30F-15983D93043C}.Debug|x64.Build.0 = Debug|x64
		{4CDB0B76-3531-42E6-A30F-15983D93043C}.Debug|x86.ActiveCfg = Debug|Win32
		{4CDB0B76-3531-42E6-A30F-15983D93043C}.Debug|x86.Build.0 = Debug|Win32
		{4CDB0B76-3531-42E6-A30F-15983D93043C}.Release|x64.ActiveCfg = Release|x64
		{4CDB0B76-3531-42E6-A30F-15983D93043C}.Release|x64.Build.0 = Release|x64
		{4CDB0B76-3531-42E6-A30F-15983D93043C}.Release|x86.ActiveCfg = Release|Win32
		{4CDB0B76-3531-42E6-A30F-15983D93043C}.Release|x86.Build.0 = Release|Win32
		{9E874361-9272-4D2E-B5AB-E8C0ED56C8F9}.Debug|x64.ActiveCfg = Debug|x64
		{9E874361-9272-4D2E-B5AB-E8C0ED56C8F9}.Debug|x64.Build.0 = Debug|x64
		{9E874361-9272-4D2E-B5AB-E8C0ED56C8F9}.Debug|x86.ActiveCfg = Debug|Win32
		{9E874361-9272-4D2E-B5AB-E8C0ED56C8F9}.Debug|x86.Build.0 = Debug|Win32
		{9E874361-9272-4D2E-B5AB-E8C0ED56C8F9}.Release|x64.ActiveCfg = Release|x64
		{9E874361-9272-4D2E-B5AB-E8C0ED56C8F9}.Release|x64.Build.0 = Release|x64
		{9E874361-9272-4D2E-B5AB-E8C0ED56C8F9}.Release|x86.ActiveCfg = Release|Win32
		{9E874361-9272-4D2E-B5AB-E8C0ED56C8F9}.Release|x86.Build.0 = Release|Win32
		{3D9C1DD1-1E69-46A9-943D-5D3B351B1568}.Debug|x64.ActiveCfg = Debug|x64
		{3D9C1DD1-1E69-46A9-943D-5D3B351B1568}.Debug|x64.Build.0 = Debug|x64
		{3D9C1DD1-1E69-46A9-943D-5D3B351B1568}.Debug|x86.ActiveCfg = Debug|Win32
		{3D9C1DD1-1E69-46A9-943D-5D3B351B1568}.Debug|x86.Build.0 = Debug|Win32
		{3D9C1DD1-1E69-46A9-943D-5D3B351B1568}.Release|x64.ActiveCfg = Release|x64
		{3D9C1DD1-1E69-46A9-943D-5D3B351B1568}.Release|x64.Build.0 = Release|x64
		{3D9C1DD1-1E69-46A9-943D-5D3B351B1568}.Release|x86.ActiveCfg = Release|Win32
		{3D9C1DD1-1E69-46A9-943D-5D3B351B1568}.Release|x86.Build.0 = Release|Win32
		{77FB856B-93F1-4146-B8F6-AD88DE96A754}.Debug|x64.ActiveCfg = Debug|x64
		{77FB856B-93F1-4146-B8F6-AD88DE96A754}.Debug|x64.Build.0 = Debug|x64
		{77FB856B-93F1-4146-B8F6-AD88DE96A754}.Debug|x86.ActiveCfg = Debug|Win32
		{77FB856B-93F1-4146-B8F6-AD88DE96A754}.Debug|x86.Build.0 = Debug|Win32
		{77FB856B-93F1-4146-B8F6-AD88DE96A754}.Release|x64.ActiveCfg = Release|x64
		{77FB856B-93F1-4146-B8F6-AD88DE96A754}.Release|x64.Build.0 = Release|x64
		{77FB856B-93F1-4146-B8F6-AD88DE96A754}.Release|x86.ActiveCfg = Release|Win32
		{77FB856B-93F1-4146-B8F6-AD88DE96A754}.Release|x86.Build.0 = Release|Win32
		{03ECB3C2-1EBD-47D7-B194-B0C1AF61EA8A}.Debug|x64.ActiveCfg = Debug|x64
		{03ECB3C2-1EBD-47D7-B194-B0C1AF61EA8A}.Debug|x64.Build.0 = Debug|x64
		{03ECB3C2-1EBD-47D7-B194-B0C1AF61EA8A}.Debug|x86.ActiveCfg = Debug|Win32
		{03ECB3C2-1EBD-47D7-B194-B0C1AF61EA8A}.Debug|x86.Build.0 = Debug|Win32
		{03ECB3C2-1EBD-47D7-B194-B0C1AF61EA8A}.Release|x64.ActiveCfg = Release|x64
		{03ECB3C2-1EBD-47D7-B194-B0C1AF61EA8A}.Release|x64.Build.0 = Release|x64
		{03ECB3C2-1EBD-47D7-B194-B0C1AF61EA8A}.Release|x86.ActiveCfg = Release|Win32
		{03ECB3C2-1EBD-47D7-B194-B0C1AF61EA8A}.Release|x86.Build.0 = Release|Win32
		{FCA0DE78-1B06-4ADB-99A0-BA97B87B2A4A}.Debug|x64.ActiveCfg = Debug|x64
		{FCA0DE78-1B06-4ADB-99A0-BA97B87B2A4A}.Debug|x64.Build.0 = Debug|x64
		{FCA0DE78-1B06-4ADB-99A0-BA97B87B2A4A}.Debug|x86.ActiveCfg = Debug|Win32
		{FCA0DE78-1B06-4ADB-99A0-BA97B87B2A4A}.Debug|x86.Build.0 = Debug|Win32
		{FCA0DE78-1B06-4ADB-99A0-BA97B87B2A4A}.Release|x64.ActiveCfg = Release|x64
		{FCA0DE78-1B06-4ADB-99A0-BA97B87B2A4A}.Release|x64.Build.0 = Release|x64
		{FCA0DE78-1B06-4ADB-99A0-BA97B87B2A4A}.Release|x86.ActiveCfg = Release|Win32
		{FCA0DE78-1B06-4ADB-99A0-BA97B87B2A4A}.Release|x86.Build.0 = Release|Win32
		{004396BF-7983-4E2B-BE0D-F7C8EF6A66BA}.Debug|x64.ActiveCfg = Debug|x64
		{004396BF-7983-4E2B-BE0D-F7C8EF6A66BA}.Debug|x64.Build.0 = Debug|x64
		{004396BF-7983-4E2B-BE0D-F7C8EF6A66BA}.Debug|x86.ActiveCfg = Debug|Win32
		{004396BF-7983-4E2B-BE0D-F7C8EF6A66BA}.Debug|x86.Build.0 = Debug|Win32
		{004396BF-7983-4E2B-BE0D-F7C8EF6A66BA}.Release|x64.ActiveCfg = Release|x64
		{004396BF-7983-4E2B-BE0D-F7C8EF6A66BA}.Release|x64.Build.0 = Release|x64
		{004396BF-7983-4E2B-BE0D-F7C8EF6A66BA}.Release|x86.ActiveCfg = Release|Win32
		{004396BF-7983-4E2B-BE0D-F7C8EF6A66BA}.Release|x86.Build.0 = Release|Win32
		{726FEABF-73A9-48A8-A208-11E6B9F415C4}.Debug|x64.ActiveCfg = Debug|x64
		{726FEABF-73A9-48A8-A208-11E6B9F415C4}.Debug|x64.Build.0 = Debug|x64
		{726FEABF-73A9-48A8-A208-11E6B9F415C4}.Debug|x86.ActiveCfg = Debug|Win32
		{726FEABF-73A9-48A8-A208-11E6B9F415C4}.Debug|x86.Build.0 = Debug|Win32
		{726FEABF-73A9-48A8-A208-11E6B9F415C4}.Release|x64.ActiveCfg = Release|x64
		{726FEABF-73A9-48A8-A208-11E6B9F415C4}.Release|x64.Build.0 = Release|x64
		{726FEABF-73A9-48A8-A208-11E6B9F415C4}.Release|x86.ActiveCfg = Release|Win32
		{726FEABF-73A9-48A8-A208-11E6B9F415C4}.Release|x86.Build.0 = Release|Win32
		{EFD771E3-B1AF-4C41-A14F-FEAAE83AE90E}.Debug|x64.ActiveCfg = Debug|x64
		{EFD771E3-B1AF-4C41-A14F-FEAAE83AE90E}.Debug|x64.Build.0 = Debug|x64
		{EFD771E3-B1AF-4C41-A14F-FEAAE83AE90E}.Debug|x86.ActiveCfg = Debug|Win32
		{EFD771E3-B1AF-4C41-A14F-FEAAE83AE90E}.Debug|x86.Build.0 = Debug|Win32
		{EFD771E3-B1AF-4C41-A14F-FEAAE83AE90E}.Release|x64.ActiveCfg = Release|x64
		{EFD771E3-B1AF-4C41-A14F-FEAAE83AE90E}.Release|x64.Build.0 = Release|x64
		{EFD771E3-B1AF-4C41-A14F-FEAAE83AE90E}.Release|x86.ActiveCfg = Release|Win32
		{EFD771E3-B1AF-4C41-A14F-FEAAE83AE90E}.Release|x86.Build.0 = Release|Win32
		{9F26A1AA-FEA3-4E0D-8580-7A2E3AA8D1CA}.Debug|x64.ActiveCfg = Debug|x64
		{9F26A1AA-FEA3-4E0D-8580-7A2E3AA8D1CA}.Debug|x64.Build.0 = Debug|x64
		{9F26A1AA-FEA3-4E0D-8580-7A2E3AA8D1CA}.Debug|x86.ActiveCfg = Debug|Win32
		{9F26A1AA-FEA3-4E0D-8580-7A2E3AA8D1CA}.Debug|x86.Build.0 = Debug|Win32
		{9F26A1AA-FEA3-4E0D-8580-7A2E3AA8D1CA}.Release|x64.ActiveCfg = Release|x64
		{9F26A1AA-FEA3-4E0D-8580-7A2E3AA8D1CA}.Release|x64.Build.0 = Release|x64
		{9F26A1AA-FEA3-4E0D-8580-7A2E3AA8D1CA}.Release|x86.ActiveCfg = Release|Win32
		{9F26A1AA-FEA3-4E0D-8580-7A2E3AA8D1CA}.Release|x86.Build.0 = Release|Win32
		{C006DE6B-52B3-498E-B414-B51388E6FA2C}.Debug|x64.ActiveCfg = Debug|x64
		{C006DE6B-52B3-498E-B414-B51388E6FA2C}.Debug|x64.Build.0 = Debug|x64
		{C006DE6B-52B3-498E-B414-B51388E6FA2C}.Debug|x86.ActiveCfg = Debug|Win32
		{C006DE6B-52B3-498E-B414-B51388E6FA2C}.Debug|x86.Build.0 = Debug|Win32
		{C006DE6B-52B3-498E-B414-B51388E6FA2C}.Release|x64.ActiveCfg = Release|x64
		{C006DE6B-52B3-498E-B414-B51388E6FA2C}.Release|x64.Build.0 = Release|x64
		{C006DE6B-52B3-498E-B414-B51388E6FA2C}.Release|x86.ActiveCfg = Release|Win32
		{C006DE6B-52B3-498E-B414-B51388E6FA2C}.Release|x86.Build.0 = Release|Win32
		{50C0FDE6-6DA1-4AB6-B7D6-DDBA1C43DDD1}.Debug|x64.ActiveCfg = Debug|x64
		{50C0FDE6-6DA1-4AB6-B7D6-DDBA1C43DDD1}.Debug|x64.Build.0 = Debug|x64
		{50C0FDE6-6DA1-4AB6-B7D6-DDBA1C43DDD1}.Debug|x86.ActiveCfg = Debug|Win32
		{50C0FDE6-6DA1-4AB6-B7D6-DDBA1C43DDD1}.Debug|x86.Build.0 = Debug|Win32
		{50C0FDE6-6DA1-4AB6-B7D6-DDBA1C43DDD1}.Release|x64.ActiveCfg = Release|x64
		{50C0FDE6-6DA1-4AB6-B7D6-DDBA1C43DDD1}.Release|x64.Build.0 = Release|x64
		{50C0FDE6-6DA1-4AB6-B7D6-DDBA1C43DDD1}.Release|x86.ActiveCfg = Release|Win32
		{50C0FDE6-6DA1-4AB6-B7D6-DDBA1C43DDD1}.Release|x86.Build.0 = Release|Win32
		{E5DD4831-F216-4161-A170-905C7EEB3EAB}.Debug|x64.ActiveCfg = Debug|x64
		{E5DD4831-F216-4161-A170-905C7EEB3EAB}.Debug|x64.Build.0 = Debug|x64
		{E5DD4831-F216-4161-A170-905C7EEB3EAB}.Debug|x86.ActiveCfg = Debug|Win32
		{E5DD4831-F216-4161-A170-905C7EEB3EAB}.Debug|x86.Build.0 = Debug|Win32
		{E5DD4831-F216-4161-A170-905C7EEB3EAB}.Release|x64.ActiveCfg = Release|x64
		{E5DD4831-F216-4161-A170-905C7EEB3EAB}.Release|x64.Build.0 = Release|x64
		{E5DD4831-F216-4161-A170-905C7EEB3EAB}.Release|x86.ActiveCfg = Release|Win32
		{E5DD4831-F216-4161-A170-905C7EEB3EAB}.Release|x86.Build.0 = Release|Win32
		{D0712341-0A45-4FB0-95C9-780CE5513A3B}.Debug|x64.ActiveCfg = Debug|x64
		{D0712341-0A45-4FB0-95C9-780CE5513A3B}.Debug|x64.Build.0 = Debug|x64
		{D0712341-0A45-4FB0-95C9-780CE5513A3B}.Debug|x86.ActiveCfg = Debug|Win32
		{D0712341-0A45-4FB0-95C9-780CE5513A3B}.Debug|x86.Build.0 = Debug|Win32
		{D0712341-0A45-4FB0-95C9-780CE5513A3B}.Release|x64.ActiveCfg = Release|x64
		{D0712341-0A45-4FB0-95C9-780CE5513A3B}.Release|x64.Build.0 = Release|x64
		{D0712341-0A45-4FB0-95C9-780CE5513A3B}.Release|x86.ActiveCfg = Release|Win32
		{D0712341-0A45-4FB0-95C9-780CE5513A3B}.Release|x86.Build.0 = Release|Win32
		{3B3F5D89-DE76-4396-936B-6C49261909A3}.Debug|x64.ActiveCfg = Debug|x64
		{3B3F5D89-DE76-4396-936B-6C49261909A3}.Debug|x64.Build.0 = Debug|x64
		{3B3F5D89-DE76-4396-936B-6C49261909A3}.Debug|x86.ActiveCfg = Debug|Win32
		{3B3F5D89-DE76-4396-936B-6C49261909A3}.Debug|x86.Build.0 = Debug|Win32
		{3B3F5D89-DE76-4396-936B-6C49261909A3}.Release|x64.ActiveCfg = Release|x64
		{3B3F5D89-DE76-4396-936B-6C49261909A3}.Release|x64.Build.0 = Release|x64
		{3B3F5D89-DE76-4396-936B-6C49261909A3}.Release|x86.ActiveCfg = Release|Win32
		{3B3F5D89-DE76-4396-936B-6C49261909A3}.Release|x86.Build.0 = Release|Win32
		{9E8713C2-19F9-4F4C-A126-900490D05ED6}.Debug|x64.ActiveCfg = Debug|x64
		{9E8713C2-19F9-4F4C-A126-900490D05ED6}.Debug|x64.Build.0 = Debug|x64
		{9E8713C2-19F9-4F4C-A126-900490D05ED6}.Debug|x86.ActiveCfg = Debug|Win32
		{9E8713C2-19F9-4F4C-A126-900490D05ED6}.Debug|x86.Build.0 = Debug|Win32
		{9E8713C2-19F9-4F4C-A126-900490D05ED6}.Release|x64.ActiveCfg = Release|x64
		{9E8713C2-19F9-4F4C-A126-900490D05ED6}.Release|x64.Build.0 = Release|x64
		{9E8713C2-19F9-4F4C-A126-900490D05ED6}.Release|x86.ActiveCfg = Release|Win32
		{9E8713C2-19F9-4F4C-A126-900490D05ED6}.Release|x86.Build.0 = Release|Win32
		{FAA3BC34-0E2F-4412-9507-514AA9487DDD}.Debug|x64.ActiveCfg = Debug|x64
		{FAA3BC34-0E2F-4412-9507-514AA9487DDD}.Debug|x64.Build.0 = Debug|x64
		{FAA3BC34-0E2F-4412-9507-514AA9487DDD}.Debug|x86.ActiveCfg = Debug|Win32
		{FAA3BC34-0E2F-4412-9507-514AA9487DDD}.Debug|x86.Build.0 = Debug|Win32
		{FAA3BC34-0E2F-4412-9507-514AA9487DDD}.Release|x64.ActiveCfg = Release|x64
		{FAA3BC34-0E2F-4412-9507-514AA9487DDD}.Release|x64.Build.0 = Release|x64
		{FAA3BC34-0E2F-4412-9507-514AA9487DDD}.Release|x86.ActiveCfg = Release|Win32
		{FAA3BC34-0E2F-4412-9507-514AA9487DDD}.Release|x86.Build.0 = Release|Win32
		{AB99E4EC-1E39-4A70-BEFB-91E4DCB09FAA}.Debug|x64.ActiveCfg = Debug|x64
		{AB99E4EC-1E39-4A70-BEFB-91E4DCB09FAA}.Debug|x64.Build.0 = Debug|x64
		{AB99E4EC-1E39-4A70-BEFB-91E4DCB09FAA}.Debug|x86.ActiveCfg = Debug|Win32
		{AB99E4EC-1E39-4A70-BEFB-91E4DCB09FAA}.Debug|x86.Build.0 = Debug|Win32
		{AB99E4EC-1E39-4A70-BEFB-91E4DCB09FAA}.Release|x64.ActiveCfg = Release|x64
		{AB99E4EC-1E39-4A70-BEFB-91E4DCB09FAA}.Release|x64.Build.0 = Release|x64
		{AB99E4EC-1E39-4A70-BEFB-91E4DCB09FAA}.Release|x86.ActiveCfg = Release|Win32
		{AB99E4EC-1E39-4A70-BEFB-91E4DCB09FAA}.Release|x86.Build.0 = Release|Win32
		{F48942D7-24A8-4D4B-93D0-B451A8CEBEEF}.Debug|x64.ActiveCfg = Debug|x64
		{F48942D7-24A8-4D4B-93D0-B451A8CEBEEF}.Debug|x64.Build.0 = Debug|x64
		{F48942D7-24A8-4D4B-93D0-B451A8CEBEEF}.Debug|x86.ActiveCfg = Debug|Win32
		{F48942D7-24A8-4D4B-93D0-B451A8CEBEEF}.Debug|x86.Build.0 = Debug|Win32
		{F48942D7-24A8-4D4B-93D0-B451A8CEBEEF}.Release|x64.ActiveCfg = Release|x64
		{F48942D7-24A8-4D4B-93D0-B451A8CEBEEF}.Release|x64.Build.0 = Release|x64
		{F48942D7-24A8-4D4B-93D0-B451A8CEBEEF}.Release|x86.ActiveCfg = Release|Win32
		{F48942D7-24A8-4D4B-93D0-B451A8CEBEEF}.Release|x86.Build.0 = Release|Win32
		{CA2DA87E-4C00-4B69-96C8-858B32BD54E7}.Debug|x64.ActiveCfg = Debug|x64
		{CA2DA87E-4C00-4B69-96C8-858B32BD54E7}.Debug|x64.Build.0 = Debug|x64
		{CA2DA87E-4C00-4B69-96C8-858B32BD54E7}.Debug|x86.ActiveCfg = Debug|Win32
		{CA2DA87E-4C00-4B69-96C8-858B32BD54E7}.Debug|x86.Build.0 = Debug|Win32
		{CA2DA87E-4C00-4B69-96C8-858B32BD54E7}.Release|x64.ActiveCfg = Release|x64
		{CA2DA87E-4C00-4B69-96C8-858B32BD54E7}.Release|x64.Build.0 = Release|x64
		{CA2DA87E-4C00-4B69-96C8-858B32BD54E7}.Release|x86.ActiveCfg = Release|Win32
		{CA2DA87E-4C00-4B69-96C8-858B32BD54E7}.Release|x86.Build.0 = Release|Win32
		{8DAE00CF-0A6B-4814-A707-60B925F8AA49}.Debug|x64.ActiveCfg = Debug|x64
		{8DAE00CF-0A6B-4814-A707-60B925F8AA49}.Debug|x64.Build.0 = Debug|x64
		{8DAE00CF-0A6B-4814-A707-60B925F8AA49}.Debug|x86.ActiveCfg = Debug|Win32
		{8DAE00CF-0A6B-4814-A707-60B925F8AA49}.Debug|x86.Build.0 = Debug|Win32
		{8DAE00CF-0A6B-4814-A707-60B925F8AA49}.Release|x64.ActiveCfg = Release|x64
		{8DAE00CF-0A6B-4814-A707-60B925F8AA49}.Release|x64.Build.0 = Release|x64
		{8DAE00CF-0A6B-4814-A707-60B925F8AA49}.Release|x86.ActiveCfg = Release|Win32
		{8DAE00CF-0A6B-4814-A707-60B925F8AA49}.Release|x86.Build.0 = Release|Win32
		{1663AE4F-93D9-4C97-8EDB-CFB33FB22B4F}.Debug|x64.ActiveCfg = Debug|x64
		{1663AE4F-93D9-4C97-8EDB-CFB33FB22B4F}.Debug|x64.Build.0 = Debug|x64
		{1663AE4F-93D9-4C97-8EDB-CFB33FB22B4F}.Debug|x86.ActiveCfg = Debug|Win32
		{1663AE4F-93D9-4C97-8EDB-CFB33FB22B4F}.Debug|x86.Build.0 = Debug|Win32
		{1663AE4F-93D9-4C97-8EDB-CFB33FB22B4F}.Release|x64.ActiveCfg = Release|x64
		{1663AE4F-93D9-4C97-8EDB-CFB33FB22B4F}.Release|x64.Build.0 = Release|x64
		{1663AE4F-93D9-4C97-8EDB-CFB33FB22B4F}.Release|x86.ActiveCfg = Release|Win32
		{1663AE4F-93D9-4C97-8EDB-CFB33FB22B4F}.Release|x86.Build.0 = Release|Win32
		{43133A8F-C893-4F06-8818-EB1920C8E8A0}.Debug|x64.ActiveCfg = Debug|x64
		{43133A8F-C893-4F06-8818-EB1920C8E8A0}.Debug|x64.Build.0 = Debug|x64
		{43133A8F-C893-4F06-8818-EB1920C8E8A0}.Debug|x86.ActiveCfg = Debug|Win32
		{43133A8F-C893-4F06-8818-EB1920C8E8A0}.Debug|x86.Build.0 = Debug|Win32
		{43133A8F-C893-4F06-8818-EB1920C8E8A0}.Release|x64.ActiveCfg = Release|x64
		{43133A8F-C893-4F06-8818-EB1920C8E8A0}.Release|x64.Build.0 = Release|x64
		{43133A8F-C893-4F06-8818-EB1920C8E8A0}.Release|x86.ActiveCfg = Release|Win32
		{43133A8F-C893-4F06-8818-EB1920C8E8A0}.Release|x86.Build.0 = Release|Win32
		{6B2725DB-14B3-44D6-A09A-05958538892F}.Debug|x64.ActiveCfg = Debug|x64
		{6B2725DB-14B3-44D6-A09A-05958538892F}.Debug|x64.Build.0 = Debug|x64
		{6B2725DB-14B3-44D6-A09A-05958538892F}.Debug|x86.ActiveCfg = Debug|Win32
		{6B2725DB-14B3-44D6-A09A-05958538892F}.Debug|x86.Build.0 = Debug|Win32
		{6B2725DB-14B3-44D6-A09A-05958538892F}.Release|x64.ActiveCfg = Release|x64
		{6B2725DB-14B3-44D6-A09A-05958538892F}.Release|x64.Build.0 = Release|x64
		{6B2725DB-14B3-44D6-A09A-05958538892F}.Release|x86.ActiveCfg = Release|Win32
		{6B2725DB-14B3-44D6-A09A-05958538892F}.Release|x86.Build.0 = Release|Win32
		{8CAA3DCC-17FB-4437-8BC3-A7F1FAF671E8}.Debug|x64.ActiveCfg = Debug|x64
		{8CAA3DCC-17FB-4437-8BC3-A7F1FAF671E8}.Debug|x64.Build.0 = Debug|x64
		{8CAA3DCC-17FB-4437-8BC3-A7F1FAF671E8}.Debug|x86.ActiveCfg = Debug|Win32
		{8CAA3DCC-17FB-4437-8BC3-A7F1FAF671E8}.Debug|x86.Build.0 = Debug|Win32
		{8CAA3DCC-17FB-4437-8BC3-A7F1FAF671E8}.Release|x64.ActiveCfg = Release|x64
		{8CAA3DCC-17FB-4437-8BC3-A7F1FAF671E8}.Release|x64.Build.0 = Release|x64
		{8CAA3DCC-17FB-4437-8BC3-A7F1FAF671E8}.Release|x86.ActiveCfg = Release|Win32
		{8CAA3DCC-17FB-4437-8BC3-A7F1FAF671E8}.Release|x86.Build.0 = Release|Win32
		{FDD72F1F-5B97-429F-B798-36763E9011FB}.Debug|x64.ActiveCfg = Debug|x64
		{FDD72F1F-5B97-429F-B798-36763E9011FB}.Debug|x64.Build.0 = Debug|x64
		{FDD72F1F-5B97-429F-B798-36763E9011FB}.Debug|x86.ActiveCfg = Debug|Win32
		{FDD72F1F-5B97-429F-B798-36763E9011FB}.Debug|x86.Build.0 = Debug|Win32
		{FDD72F1F-5B97-429F-B798-36763E9011FB}.Release|x64.ActiveCfg = Release|x64
		{FDD72F1F-5B97-429F-B798-36763E9011FB}.Release|x64.Build.0 = Release|x64
		{FDD72F1F-5B97-429F-B798-36763E9011FB}.Release|x86.ActiveCfg = Release|Win32
		{FDD72F1F-5B97-429F-B798-36763E9011FB}.Release|x86.Build.0 = Release|Win32
		{695EDF05-4F48-4DC3-8A9A-9C4C1612776C}.Debug|x64.ActiveCfg = Debug|x64
		{695EDF05-4F48-4DC3-8A9A-9C4C1612776C}.Debug|x64.Build.0 = Debug|x64
		{695EDF05-4F48-4DC3-8A9A-9C4C1612776C}.Debug|x86.ActiveCfg = Debug|Win32
		{695EDF05-4F48-4DC3-8A9A-9C4C1612776C}.Debug|x86.Build.0 = Debug|Win32
		{695EDF05-4F48-4DC3-8A9A-9C4C1612776C}.Release|x64.ActiveCfg = Release|x64
		{695EDF05-4F48-4DC3-8A9A-9C4C1612776C}.Release|x64.Build.0 = Release|x64
		{695EDF05-4F48-4DC3-8A9A-9C4C1612776C}.Release|x86.ActiveCfg = Release|Win32
		{695EDF05-4F48-4DC3-8A9A-9C4C1612776C}.Release|x86.Build.0 = Release|Win32
		{42FA4BE3-470D-4AE6-80DA-D8279778E82C}.Debug|x64.ActiveCfg = Debug|x64
		{42FA4BE3-470D-4AE6-80DA-D8279778E82C}.Debug|x64.Build.0 = Debug|x64
		{42FA4BE3-470D-4AE6-80DA-D8279778E82C}.Debug|x86.ActiveCfg = Debug|Win32
		{42FA4BE3-470D-4AE6-80DA-D8279778E82C}.Debug|x86.Build.0 = Debug|Win32
		{42FA4BE3-470D-4AE6-80DA-D8279778E82C}.Release|x64.ActiveCfg = Release|x64
		{42FA4BE3-470D-4AE6-80DA-D8279778E82C}.Release|x64.Build.0 = Release|x64
		{42FA4BE3-470D-4AE6-80DA-D8279778E82C}.Release|x86.ActiveCfg = Release|Win32
		{42FA4BE3-470D-4AE6-80DA-D8279778E82C}.Release|x86.Build.0 = Release|Win32
		{02C6C2A8-A6C6-4EFC-B04A-DE3443C87F41}.Debug|x64.ActiveCfg = Debug|x64
		{02C6C2A8-A6C6-4EFC-B04A-DE3443C87F41}.Debug|x64.Build.0 = Debug|x64
		{02C6C2A8-A6C6-4EFC-B04A-DE3443C87F41}.Debug|x86.ActiveCfg = Debug|Win32
		{02C6C2A8-A6C6-4EFC-B04A-DE3443C87F41}.Debug|x86.Build.0 = Debug|Win32
		{02C6C2A8-A6C6-4EFC-B04A-DE3443C87F41}.Release|x64.ActiveCfg = Release|x64
		{02C6C2A8-A6C6-4EFC-B04A-DE3443C87F41}.Release|x64.Build.0 = Release|x64
		{02C6C2A8-A6C6-4EFC-B04A-DE3443C87F41}.Release|x86.ActiveCfg = Release|Win32
		{02C6C2A8-A6C6-4EFC-B04A-DE3443C87F41}.Release|x86.Build.0 = Release|Win32
		{A43B0D25-0A45-48DB-A50B-2735D20FD2E1}.Debug|x64.ActiveCfg = Debug|x64
		{A43B0D25-0A45-48DB-A50B-2735D20FD2E1}.Debug|x64.Build.0 = Debug|x64
		{A43B0D25-0A45-48DB-A50B-2735D20FD2E1}.Debug|x86.ActiveCfg = Debug|Win32
		{A43B0D25-0A45-48DB-A50B-2735D20FD2E1}.Debug|x86.Build.0 = Debug|Win32
		{A43B0D25-0A45-48DB-A50B-2735D20FD2E1}.Release|x64.ActiveCfg = Release|x64
		{A43B0D25-0A45-48DB-A50B-2735D20FD2E1}.Release|x64.Build.0 = Release|x64
		{A43B0D25-0A45-48DB-A50B-2735D20FD2E1}.Release|x86.ActiveCfg = Release|Win32
		{A43B0D25-0A45-48DB-A50B-2735D20FD2E1}.Release|x86.Build.0 = Release|Win32
		{28C8709B-A7A2-4E57-8C54-2D590B9F88B3}.Debug|x64.ActiveCfg = Debug|x64
		{28C8709B-A7A2-4E57-8C54-2D590B9F88B3}.Debug|x64.Build.0 = Debug|x64
		{28C8709B-A7A2-4E57-8C54-2D590B9F88B3}.Debug|x86.ActiveCfg = Debug|Win32
		{28C8709B-A7A2-4E57-8C54-2D590B9F88B3}.Debug|x86.Build.0 = Debug|Win32
		{28C8709B-A7A2-4E57-8C54-2D590B9F88B3}.Release|x64.ActiveCfg = Release|x64
		{28C8709B-A7A2-4E57-8C54-2D590B9F88B3}.Release|x64.Build.0 = Release|x64
		{28C8709B-A7A2-4E57-8C54-2D590B9F88B3}.Release|x86.ActiveCfg = Release|Win32
		{28C8709B-A7A2-4E57-8C54-2D590B9F88B3}.Release|x86.Build.0 = Release|Win32
		{0ECE6B3B-D5FB-414B-ADAB-608E6BADD640}.Debug|x64.ActiveCfg = Debug|x64
		{0ECE6B3B-D5FB-414B-ADAB-608E6BADD640}.Debug|x64.Build.0 = Debug|x64
		{0ECE6B3B-D5FB-414B-ADAB-608E6BADD640}.Debug|x86.ActiveCfg = Debug|Win32
		{0ECE6B3B-D5FB-414B-ADAB-608E6BADD640}.Debug|x86.Build.0 = Debug|Win32
		{0ECE6B3B-D5FB-414B-ADAB-608E6BADD640}.Release|x64.ActiveCfg = Release|x64
		{0ECE6B3B-D5FB-414B-ADAB-608E6BADD640}.Release|x64.Build.0 = Release|x64
		{0ECE6B3B-D5FB-414B-ADAB-608E6BADD640}.Release|x86.ActiveCfg = Release|Win32
		{0ECE6B3B-D5FB-414B-ADAB-608E6BADD640}.Release|x86.Build.0 = Release|Win32
		{EAFBAECB-A40F-4275-A616-9B173213E7C2}.Debug|x64.ActiveCfg = Debug|x64
		{EAFBAECB-A40F-4275-A616-9B173213E7C2}.Debug|x64.Build.0 = Debug|x64
		{EAFBAECB-A40F-4275-A616-9B173213E7C2}.Debug|x86.ActiveCfg = Debug|Win32
		{EAFBAECB-A40F-4275-A616-9B173213E7C2}.Debug|x86.Build.0 = Debug|Win32
		{EAFBAECB-A40F-4275-A616-9B173213E7C2}.Release|x64.ActiveCfg = Release|x64
		{EAFBAECB-A40F-4275-A616-9B173213E7C2}.Release|x64.Build.0 = Release|x64
		{EAFBAECB-A40F-4275-A616-9B173213E7C2}.Release|x86.ActiveCfg = Release|Win32
		{EAFBAECB-A40F-4275-A616-9B173213E7C2}.Release|x86.Build.0 = Release|Win32
		{6E1B720F-CF9B-4AC8-9A32-9CA03B7A6377}.Debug|x64.ActiveCfg = Debug|x64
		{6E1B720F-CF9B-4AC8-9A32-9CA03B7A6377}.Debug|x64.Build.0 = Debug|x64
		{6E1B720F-CF9B-4AC8-9A32-9CA03B7A6377}.Debug|x86.ActiveCfg = Debug|Win32
		{6E1B720F-CF9B-4AC8-9A32-9CA03B7A6377}.Debug|x86.Build.0 = Debug|Win32
		{6E1B720F-CF9B-4AC8-9A32-9CA03B7A6377}.Release|x64.ActiveCfg = Release|x64
		{6E1B720F-CF9B-4AC8-9A32-9CA03B7A6377}.Release|x64.Build.0 = Release|x64
		{6E1B720F-CF9B-4AC8-9A32-9CA03B7A6377}.Release|x86.ActiveCfg = Release|Win32
		{6E1B720F-CF9B-4AC8-9A32-9CA03B7A6377}.Release|x86.Build.0 = Release|Win32
		{BA0E020F-B14A-4B06-AF5A-EBF9FC5B5247}.Debug|x64.ActiveCfg = Debug|x64
		{BA0E020F-B14A-4B06-AF5A-EBF9FC5B5247}.Debug|x64.Build.0 = Debug|x64
		{BA0E020F-B14A-4B06-AF5A-EBF9FC5B5247}.Debug|x86.ActiveCfg = Debug|Win32
		{BA0E020F-B14A-4B06-AF5A-EBF9FC5B5247}.Debug|x86.Build.0 = Debug|Win32
		{BA0E020F-B14A-4B06-AF5A-EBF9FC5B5247}.Release|x64.ActiveCfg = Release|x64
		{BA0E020F-B14A-4B06-AF5A-EBF9FC5B5247}.Release|x64.Build.0 = Release|x64
		{BA0E020F-B14A-4B06-AF5A-EBF9FC5B5247}.Release|x86.ActiveCfg = Release|Win32
		{BA0E020F-B14A-4B06-AF5A-EBF9FC5B5247}.Release|x86.Build.0 = Release|Win32
		{68FDC2BF-C258-4A86-916C-F2F29C56EABA}.Debug|x64.ActiveCfg = Debug|x64
		{68FDC2BF-C258-4A86-916C-F2F29C56EABA}.Debug|x64.Build.0 = Debug|x64
		{68FDC2BF-C258-4A86-916C-F2F29C56EABA}.Debug|x86.ActiveCfg = Debug|Win32
		{68FDC2BF-C258-4A86-916C-F2F29C56EABA}.Debug|x86.Build.0 = Debug|Win32
		{68FDC2BF-C258-4A86-916C-F2F29C56EABA}.Release|x64.ActiveCfg = Release|x64
		{68FDC2BF-C258-4A86-916C-F2F29C56EABA}.Release|x64.Build.0 = Release|x64
		{68FDC2BF-C258-4A86-916C-F2F29C56EABA}.Release|x86.ActiveCfg = Release|Win32
		{68FDC2BF-C258-4A86-916C-F2F29C56EABA}.Release|x86.Build.0 = Release|Win32
		{B83702B1-215E-4CA1-9BEA-D55DC3B8B486}.Debug|x64.ActiveCfg = Debug|x64
		{B83702B1-215E-4CA1-9BEA-D55DC3B8B486}.Debug|x64.Build.0 = Debug|x64
		{B83702B1-215E-4CA1-9BEA-D55DC3B8B486}.Debug|x86.ActiveCfg = Debug|Win32
		{B83702B1-215E-4CA1-9BEA-D55DC3B8B486}.Debug|x86.Build.0 = Debug|Win32
		{B83702B1-215E-4CA1-9BEA-D55DC3B8B486}.Release|x64.ActiveCfg = Release|x64
		{B83702B1-215E-4CA1-9BEA-D55DC3B8B486}.Release|x64.Build.0 = Release|x64
		{B83702B1-215E-4CA1-9BEA-D55DC3B8B486}.Release|x86.ActiveCfg = Release|Win32
		{B83702B1-215E-4CA1-9BEA-D55DC3B8B486}.Release|x86.Build.0 = Release|Win32
		{ED2E453A-566F-47C8-8BC8-4E33417FCFBC}.Debug|x64.ActiveCfg = Debug|x64
		{ED2E453A-566F-47C8-8BC8-4E33417FCFBC}.Debug|x64.Build.0 = Debug|x64
		{ED2E453A-566F-47C8-8BC8-4E33417FCFBC}.Debug|x86.ActiveCfg = Debug|Win32
		{ED2E453A-566F-47C8-8BC8-4E33417FCFBC}.Debug|x86.Build.0 = Debug|Win32
		{ED2E453A-566F-47C8-8BC8-4E33417FCFBC}.Release|x64.ActiveCfg = Release|x64
		{ED2E453A-566F-47C8-8BC8-4E33417FCFBC}.Release|x64.Build.0 = Release|x64
		{ED2E453A-566F-47C8-8BC8-4E33417FCFBC}.Release|x86.ActiveCfg = Release|Win32
		{ED2E453A-566F-47C8-8BC8-4E33417FCFBC}.Release|x86.Build.0 = Release|Win32
		{AE46BFF8-9776-4256-8FB6-4B51D05C94F0}.Debug|x64.ActiveCfg = Debug|x64
		{AE46BFF8-9776-4256-8FB6-4B51D05C94F0}.Debug|x64.Build.0 = Debug|x64
		{AE46BFF8-9776-4256-8FB6-4B51D05C94F0}.Debug|x86.ActiveCfg = Debug|Win32
		{AE46BFF8-9776-4256-8FB6-4B51D05C94F0}.Debug|x86.Build.0 = Debug|Win32
		{AE46BFF8-9776-4256-8FB6-4B51D05C94F0}.Release|x64.ActiveCfg = Release|x64
		{AE46BFF8-9776-4256-8FB6-4B51D05C94F0}.Release|x64.Build.0 = Release|x64
		{AE46BFF8-9776-4256-8FB6-4B51D05C94F0}.Release|x86.ActiveCfg = Release|Win32
		{AE46BFF8-9776-4256-8FB6-4B51D05C94F0}.Release|x86.Build.0 = Release|Win32
		{8BEC892A-901B-4A3E-8823-E63A21706E13}.Debug|x64.ActiveCfg = Debug|x64
		{8BEC892A-901B-4A3E-8823-E63A21706E13}.Debug|x64.Build.0 = Debug|x64
		{8BEC892A-901B-4A3E-8823-E63A21706E13}.Debug|x86.ActiveCfg = Debug|Win32
		{8BEC892A-901B-4A3E-8823-E63A21706E13}.Debug|x86.Build.0 = Debug|Win32
		{8BEC892A-901B-4A3E-8823-E63A21706E13}.Release|x64.ActiveCfg = Release|x64
		{8BEC892A-901B-4A3E-8823-E63A21706E13}.Release|x64.Build.0 = Release|x64
		{8BEC892A-901B-4A3E-8823-E63A21706E13}.Release|x86.ActiveCfg = Release|Win32
		{8BEC892A-901B-4A3E-8823-E63A21706E13}.Release|x86.Build.0 = Release|Win32
		{D06F0576-6113-4C72-9D14-5C964C68EF5D}.Debug|x64.ActiveCfg = Debug|x64
		{D06F0576-6113-4C72-9D14-5C964C68EF5D}.Debug|x64.Build.0 = Debug|x64
		{D06F0576-6113-4C72-9D14-5C964C68EF5D}.Debug|x86.ActiveCfg = Debug|Win32
		{D06F0576-6113-4C72-9D14-5C964C68EF5D}.Debug|x86.Build.0 = Debug|Win32
		{D06F0576-6113-4C72-9D14-5C964C68EF5D}.Release|x64.ActiveCfg = Release|x64
		{D06F0576-6113-4C72-9D14-5C964C68EF5D}.Release|x64.Build.0 = Release|x64
		{D06F0576-6113-4C72-9D14-5C964C68EF5D}.Release|x86.ActiveCfg = Release|Win32
		{D06F0576-6113-4C72-9D14-5C964C68EF5D}.Release|x86.Build.0 = Release|Win32
		{D8CC9315-93CD-48C1-B5F2-8D75B52EAF94}.Debug|x64.ActiveCfg = Debug|x64
		{D8CC9315-93CD-48C1-B5F2-8D75B52EAF94}.Debug|x64.Build.0 = Debug|x64
		{D8CC9315-93CD-48C1-B5F2-8D75B52EAF94}.Debug|x86.ActiveCfg = Debug|Win32
		{D8CC9315-93CD-48C1-B5F2-8D75B52EAF94}.Debug|x86.Build.0 = Debug|Win32
		{D8CC9315-93CD-48C1-B5F2-8D75B52EAF94}.Release|x64.ActiveCfg = Release|x64
		{D8CC9315-93CD-48C1-B5F2-8D75B52EAF94}.Release|x64.Build.0 = Release|x64
		{D8CC9315-93CD-48C1-B5F2-8D75B52EAF94}.Release|x86.ActiveCfg = Release|Win32
		{D8CC9315-93CD-48C1-B5F2-8D75B52EAF94}.Release|x86.Build.0 = Release|Win32
		{E35F55BD-E027-42CA-8147-1B7CFCCEA2E7}.Debug|x64.ActiveCfg = Debug|x64
		{E35F55BD-E027-42CA-8147-1B7CFCCEA2E7}.Debug|x64.Build.0 = Debug|x64
		{E35F55BD-E027-42CA-8147-1B7CFCCEA2E7}.Debug|x86.ActiveCfg = Debug|Win32
		{E35F55BD-E027-42CA-8147-1B7CFCCEA2E7}.Debug|x86.Build.0 = Debug|Win32
		{E35F55BD-E027-42CA-8147-1B7CFCCEA2E7}.Release|x64.ActiveCfg = Release|x64
		{E35F55BD-E027-42CA-8147-1B7CFCCEA2E7}.Release|x64.Build.0 = Release|x64
		{E35F55BD-E027-42CA-8147-1B7CFCCEA2E7}.Release|x86.ActiveCfg = Release|Win32
		{E35F55BD-E027-42CA-8147-1B7CFCCEA2E7}.Release|x86.Build.0 = Release|Win32
		{A8E2A996-9D10-4673-BE44-8A54A41A9088}.Debug|x64.ActiveCfg = Debug|x64
		{A8E2A996-9D10-4673-BE44-8A54A41A9088}.Debug|x64.Build.0 = Debug|x64
		{A8E2A996-9D10-4673-BE44-8A54A41A9088}.Debug|x86.ActiveCfg = Debug|Win32
		{A8E2A996-9D10-4673-BE44-8A54A41A9088}.Debug|x86.Build.0 = Debug|Win32
		{A8E2A996-9D10-4673-BE44-8A54A41A9088}.Release|x64.ActiveCfg = Release|x64
		{A8E2A996-9D10-4673-BE44-8A54A41A9088}.Release|x64.Build.0 = Release|x64
		{A8E2A996-9D10-4673-BE44-8A54A41A9088}.Release|x86.ActiveCfg = Release|Win32
		{A8E2A996-9D10-4673-BE44-8A54A41A9088}.Release|x86.Build.0 = Release|Win32
		{7900D6F5-110E-456F-A70E-6231E0EC60C1}.Debug|x64.ActiveCfg = Debug|x64
		{7900D6F5-110E-456F-A70E-6231E0EC60C1}.Debug|x64.Build.0 = Debug|x64
		{7900D6F5-110E-456F-A70E-6231E0EC60C1}.Debug|x86.ActiveCfg = Debug|Win32
		{7900D6F5-110E-456F-A70E-6231E0EC60C1}.Debug|x86.Build.0 = Debug|Win32
		{7900D6F5-110E-456F-A70E-6231E0EC60C1}.Release|x64.ActiveCfg = Release|x64
		{7900D6F5-110E-456F-A70E-6231E0EC60C1}.Release|x64.Build.0 = Release|x64
		{7900D6F5-110E-456F-A70E-6231E0EC60C1}.Release|x86.ActiveCfg = Release|Win32
		{7900D6F5-110E-456F-A70E-6231E0EC60C1}.Release|x86.Build.0 = Release|Win32
		{DE2B7503-56BF-421B-B2E9-251746640455}.Debug|x64.ActiveCfg = Debug|x64
		{DE2B7503-56BF-421B-B2E9-251746640455}.Debug|x64.Build.0 = Debug|x64
		{DE2B7503-56BF-421B-B2E9-251746640455}.Debug|x86.ActiveCfg = Debug|Win32
		{DE2B7503-56BF-421B-B2E9-251746640455}.Debug|x86.Build.0 = Debug|Win32
		{DE2B7503-56BF-421B-B2E9-251746640455}.Release|x64.ActiveCfg = Release|x64
		{DE2B7503-56BF-421B-B2E9-251746640455}.Release|x64.Build.0 = Release|x64
		{DE2B7503-56BF-421B-B2E9-251746640455}.Release|x86.ActiveCfg = Release|Win32
		{DE2B7503-56BF-421B-B2E9-251746640455}.Release|x86.Build.0 = Release|Win32
		{9638CE8E-0234-47DB-8A05-A88F00E74B1E}.Debug|x64.ActiveCfg = Debug|x64
		{9638CE8E-0234-47DB-8A05-A88F00E74B1E}.Debug|x64.Build.0 = Debug|x64
		{9638CE8E-0234-47DB-8A05-A88F00E74B1E}.Debug|x86.ActiveCfg = Debug|Win32
		{9638CE8E-0234-47DB-8A05-A88F00E74B1E}.Debug|x86.Build.0 = Debug|Win32
		{9638CE8E-0234-47DB-8A05-A88F00E74B1E}.Release|x64.ActiveCfg = Release|x64
		{9638CE8E-0234-47DB-8A05-A88F00E74B1E}.Release|x64.Build.0 = Release|x64
		{9638CE8E-0234-47DB-8A05-A88F00E74B1E}.Release|x86.ActiveCfg = Release|Win32
		{9638CE8E-0234-47DB-8A05-A88F00E74B1E}.Release|x86.Build.0 = Release|Win32
		{3BAADDE5-10BD-49AF-9BDA-F0D64B898B69}.Debug|x64.ActiveCfg = Debug|x64
		{3BAADDE5-10BD-49AF-9BDA-F0D64B898B69}.Debug|x64.Build.0 = Debug|x64
		{3BAADDE5-10BD-49AF-9BDA-F0D64B898B69}.Debug|x86.ActiveCfg = Debug|Win32
		{3BAADDE5-10BD-49AF-9BDA-F0D64B898B69}.Debug|x86.Build.0 = Debug|Win32
		{3BAADDE5-10BD-49AF-9BDA-F0D64B898B69}.Release|x64.ActiveCfg = Release|x64
		{3BAADDE5-10BD-49AF-9BDA-F0D64B898B69}.Release|x64.Build.0 = Release|x64
		{3BAADDE5-10BD-49AF-9BDA-F0D64B898B69}.Release|x86.ActiveCfg = Release|Win32
		{3BAADDE5-10BD-49AF-9BDA-F0D64B898B69}.Release|x86.Build.0 = Release|Win32
		{3B58AF5B-6ADA-4FB7-96F5-F0499A41D9E7}.Debug|x64.ActiveCfg = Debug|x64
		{3B58AF5B-6ADA-4FB7-96F5-F0499A41D9E7}.Debug|x64.Build.0 = Debug|x64
		{3B58AF5B-6ADA-4FB7-96F5-F0499A41D9E7}.Debug|x86.ActiveCfg = Debug|Win32
		{3B58AF5B-6ADA-4FB7-96F5-F0499A41D9E7}.Debug|x86.Build.0 = Debug|Win32
		{3B58AF5B-6ADA-4FB7-96F5-F0499A41D9E7}.Release|x64.ActiveCfg = Release|x64
		{3B58AF5B-6ADA-4FB7-96F5-F0499A41D9E7}.Release|x64.Build.0 = Release|x64
		{3B58AF5B-6ADA-4FB7-96F5-F0499A41D9E7}.Release|x86.ActiveCfg = Release|Win32
		{3B58AF5B-6ADA-4FB7-96F5-F0499A41D9E7}.Release|x86.Build.0 = Release|Win32
		{02FCF438-2C9E-460E-914D-A5C5ACDB9514}.Debug|x64.ActiveCfg = Debug|x64
		{02FCF438-2C9E-460E-914D-A5C5ACDB9514}.Debug|x64.Build.0 = Debug|x64
		{02FCF438-2C9E-460E-914D-A5C5ACDB9514}.Debug|x86.ActiveCfg = Debug|Win32
		{02FCF438-2C9E-460E-914D-A5C5ACDB9514}.Debug|x86.Build.0 = Debug|Win32
		{02FCF438-2C9E-460E-914D-A5C5ACDB9514}.Release|x64.ActiveCfg = Release|x64
		{02FCF438-2C9E-460E-914D-A5C5ACDB9514}.Release|x64.Build.0 = Release|x64
		{02FCF438-2C9E-460E-914D-A5C5ACDB9514}.Release|x86.ActiveCfg = Release|Win32
		{02FCF438-2C9E-460E-914D-A5C5ACDB9514}.Release|x86.Build.0 = Release|Win32
		{3F96955C-CCB9-496B-A24E-3D8EF1C53C49}.Debug|x64.ActiveCfg = Debug|x64
		{3F96955C-CCB9-496B-A24E-3D8EF1C53C49}.Debug|x64.Build.0 = Debug|x64
		{3F96955C-CCB9-496B-A24E-3D8EF1C53C49}.Debug|x86.ActiveCfg = Debug|Win32
		{3F96955C-CCB9-496B-A24E-3D8EF1C53C49}.Debug|x86.Build.0 = Debug|Win32
		{3F96955C-CCB9-496B-A24E-3D8EF1C53C49}.Release|x64.ActiveCfg = Release|x64
		{3F96955C-CCB9-496B-A24E-3D8EF1C53C49}.Release|x64.Build.0 = Release|x64
		{3F96955C-CCB9-496B-A24E-3D8EF1C53C49}.Release|x86.ActiveCfg = Release|Win32
		{3F96955C-CCB9-496B-A24E-3D8EF1C53C49}.Release|x86.Build.0 = Release|Win32
		{6E6798D5-F081-4E1F-8455-7A414652DCF0}.Debug|x64.ActiveCfg = Debug|x64
		{6E6798D5-F081-4E1F-8455-7A414652DCF0}.Debug|x64.Build.0 = Debug|x64
		{6E6798D5-F081-4E1F-8455-7A414652DCF0}.Debug|x86.ActiveCfg = Debug|Win32
		{6E6798D5-F081-4E1F-8455-7A414652DCF0}.Debug|x86.Build.0 = Debug|Win32
		{6E6798D5-F081-4E1F-8455-7A414652DCF0}.Release|x64.ActiveCfg = Release|x64
		{6E6798D5-F081-4E1F-8455-7A414652DCF0}.Release|x64.Build.0 = Release|x64
		{6E6798D5-F081-4E1F-8455-7A414652DCF0}.Release|x86.ActiveCfg = Release|Win32
		{6E6798D5-F081-4E1F-8455-7A414652DCF0}.Release|x86.Build.0 = Release|Win32
		{C490223D-8051-4F8B-8B72-2D488216C884}.Debug|x64.ActiveCfg = Debug|x64
		{C490223D-8051-4F8B-8B72-2D488216C884}.Debug|x64.Build.0 = Debug|x64
		{C490223D-8051-4F8B-8B72-2D488216C884}.Debug|x86.ActiveCfg = Debug|Win32
		{C490223D-8051-4F8B-8B72-2D488216C884}.Debug|x86.Build.0 = Debug|Win32
		{C490223D-8051-4F8B-8B72-2D488216C884}.Release|x64.ActiveCfg = Release|x64
		{C490223D-8051-4F8B-8B72-2D488216C884}.Release|x64.Build.0 = Release|x64
		{C490223D-8051-4F8B-8B72-2D488216C884}.Release|x86.ActiveCfg = Release|Win32
		{C490223D-8051-4F8B-8B72-2D488216C884}.Release|x86.Build.0 = Release|Win32
		{78916EDC-3BFA-4D66-BDE9-5417FAF4608E}.Debug|x64.ActiveCfg = Debug|x64
		{78916EDC-3BFA-4D66-BDE9-5417FAF4608E}.Debug|x64.Build.0 = Debug|x64
		{78916EDC-3BFA-4D66-BDE9-5417FAF4608E}.Debug|x86.ActiveCfg = Debug|Win32
		{78916EDC-3BFA-4D66-BDE9-5417FAF4608E}.Debug|x86.Build.0 = Debug|Win32
		{78916EDC-3BFA-4D66-BDE9-5417FAF4608E}.Release|x64.ActiveCfg = Release|x64
		{78916EDC-3BFA-4D66-BDE9-5417FAF4608E}.Release|x64.Build.0 = Release|x64
		{78916EDC-3BFA-4D66-BDE9-5417FAF4608E}.Release|x86.ActiveCfg = Release|Win32
		{78916EDC-3BFA-4D66-BDE9-5417FAF4608E}.Release|x86.Build.0 = Release|Win32
		{06B8124B-73AD-4550-80ED-C854C6D6FF1B}.Debug|x64.ActiveCfg = Debug|x64
		{06B8124B-73AD-4550-80ED-C854C6D6FF1B}.Debug|x64.Build.0 = Debug|x64
		{06B8124B-73AD-4550-80ED-C854C6D6FF1B}.Debug|x86.ActiveCfg = Debug|Win32
		{06B8124B-73AD-4550-80ED-C854C6D6FF1B}.Debug|x86.Build.0 = Debug|Win32
		{06B8124B-73AD-4550-80ED-C854C6D6FF1B}.Release|x64.ActiveCfg = Release|x64
		{06B8124B-73AD-4550-80ED-C854C6D6FF1B}.Release|x64.Build.0 = Release|x64
		{06B8124B-73AD-4550-80ED-C854C6D6FF1B}.Release|x86.ActiveCfg = Release|Win32
		{06B8124B-73AD-4550-80ED-C854C6D6FF1B}.Release|x86.Build.0 = Release|Win32
		{8954EE14-5735-4FE8-81EF-5B71953E9CB0}.Debug|x64.ActiveCfg = Debug|x64
		{8954EE14-5735-4FE8-81EF-5B71953E9CB0}.Debug|x64.Build.0 = Debug|x64
		{8954EE14-5735-4FE8-81EF-5B71953E9CB0}.Debug|x86.ActiveCfg = Debug|Win32
		{8954EE14-5735-4FE8-81EF-5B71953E9CB0}.Debug|x86.Build.0 = Debug|Win32
		{8954EE14-5735-4FE8-81EF-5B71953E9CB0}.Release|x64.ActiveCfg = Release|x64
		{8954EE14-5735-4FE8-81EF-5B71953E9CB0}.Release|x64.Build.0 = Release|x64
		{8954EE14-5735-4FE8-81EF-5B71953E9CB0}.Release|x86.ActiveCfg = Release|Win32
		{8954EE14-5735-4FE8-81EF-5B71953E9CB0}.Release|x86.Build.0 = Release|Win32
		{D3658091-85DE-4FB6-ADF3-49CCE2BCBB2C}.Debug|x64.ActiveCfg = Debug|x64
		{D3658091-85DE-4FB6-ADF3-49CCE2BCBB2C}.Debug|x64.Build.0 = Debug|x64
		{D3658091-85DE-4FB6-ADF3-49CCE2BCBB2C}.Debug|x86.ActiveCfg = Debug|Win32
		{D3658091-85DE-4FB6-ADF3-49CCE2BCBB2C}.Debug|x86.Build.0 = Debug|Win32
		{D3658091-85DE-4FB6-ADF3-49CCE2BCBB2C}.Release|x64.ActiveCfg = Release|x64
		{D3658091-85DE-4FB6-ADF3-49CCE2BCBB2C}.Release|x64.Build.0 = Release|x64
		{D3658091-85DE-4FB6-ADF3-49CCE2BCBB2C}.Release|x86.ActiveCfg = Release|Win32
		{D3658091-85DE-4FB6-ADF3-49CCE2BCBB2C}.Release|x86.Build.0 = Release|Win32
		{ED18087A-9149-444A-AF8F-C68A9FB5D77B}.Debug|x64.ActiveCfg = Debug|x64
		{ED18087A-9149-444A-AF8F-C68A9FB5D77B}.Debug|x64.Build.0 = Debug|x64
		{ED18087A-9149-444A-AF8F-C68A9FB5D77B}.Debug|x86.ActiveCfg = Debug|Win32
		{ED18087A-9149-444A-AF8F-C68A9FB5D77B}.Debug|x86.Build.0 = Debug|Win32
		{ED18087A-9149-444A-AF8F-C68A9FB5D77B}.Release|x64.ActiveCfg = Release|x64
		{ED18087A-9149-444A-AF8F-C68A9FB5D77B}.Release|x64.Build.0 = Release|x64
		{ED18087A-9149-444A-AF8F-C68A9FB5D77B}.Release|x86.ActiveCfg = Release|Win32
		{ED18087A-9149-444A-AF8F-C68A9FB5D77B}.Release|x86.Build.0 = Release|Win32
		{B35573BC-E9A2-4611-8E8A-EC959CC80A2A}.Debug|x64.ActiveCfg = Debug|x64
		{B35573BC-E9A2-4611-8E8A-EC959CC80A2A}.Debug|x64.Build.0 = Debug|x64
		{B35573BC-E9A2-4611-8E8A-EC959CC80A2A}.Debug|x86.ActiveCfg = Debug|Win32
		{B35573BC-E9A2-4611-8E8A-EC959CC80A2A}.Debug|x86.Build.0 = Debug|Win32
		{B35573BC-E9A2-4611-8E8A-EC959CC80A2A}.Release|x64.ActiveCfg = Release|x64
		{B35573BC-E9A2-4611-8E8A-EC959CC80A2A}.Release|x64.Build.0 = Release|x64
		{B35573BC-E9A2-4611-8E8A-EC959CC80A2A}.Release|x86.ActiveCfg = Release|Win32
		{B35573BC-E9A2-4611-8E8A-EC959CC80A2A}.Release|x86.Build.0 = Release|Win32
		{E20174EB-F277-4534-8337-A039F902A8BC}.Debug|x64.ActiveCfg = Debug|x64
		{E20174EB-F277-4534-8337-A039F902A8BC}.Debug|x64.Build.0 = Debug|x64
		{E20174EB-F277-4534-8337-A039F902A8BC}.Debug|x86.ActiveCfg = Debug|Win32
		{E20174EB-F277-4534-8337-A039F902A8BC}.Debug|x86.Build.0 = Debug|Win32
		{E20174EB-F277-4534-8337-A039F902A8BC}.Release|x64.ActiveCfg = Release|x64
		{E20174EB-F277-4534-8337-A039F902A8BC}.Release|x64.Build.0 = Release|x64
		{E20174EB-F277-4534-8337-A039F902A8BC}.Release|x86.ActiveCfg = Release|Win32
		{E20174EB-F277-4534-8337-A039F902A8BC}.Release|x86.Build.0 = Release|Win32
		{8688FABA-D0FC-49DA-B555-9DADCD401E74}.Debug|x64.ActiveCfg = Debug|x64
		{8688FABA-D0FC-49DA-B555-9DADCD401E74}.Debug|x64.Build.0 = Debug|x64
		{8688FABA-D0FC-49DA-B555-9DADCD401E74}.Debug|x86.ActiveCfg = Debug|Win32
		{8688FABA-D0FC-49DA-B555-9DADCD401E74}.Debug|x86.Build.0 = Debug|Win32
		{8688FABA-D0FC-49DA-B555-9DADCD401E74}.Release|x64.ActiveCfg = Release|x64
		{8688FABA-D0FC-49DA-B555-9DADCD401E74}.Release|x64.Build.0 = Release|x64
		{8688FABA-D0FC-49DA-B555-9DADCD401E74}.Release|x86.ActiveCfg = Release|Win32
		{8688FABA-D0FC-49DA-B555-9DADCD401E74}.Release|x86.Build.0 = Release|Win32
		{9ECF6941-8993-40BA-A9BB-BC2F74DFA202}.Debug|x64.ActiveCfg = Debug|x64
		{9ECF6941-8993-40BA-A9BB-BC2F74DFA202}.Debug|x64.Build.0 = Debug|x64
		{9ECF6941-8993-40BA-A9BB-BC2F74DFA202}.Debug|x86.ActiveCfg = Debug|Win32
		{9ECF6941-8993-40BA-A9BB-BC2F74DFA202}.Debug|x86.Build.0 = Debug|Win32
		{9ECF6941-8993-40BA-A9BB-BC2F74DFA202}.Release|x64.ActiveCfg = Release|x64
		{9ECF6941-8993-40BA-A9BB-BC2F74DFA202}.Release|x64.Build.0 = Release|x64
		{9ECF6941-8993-40BA-A9BB-BC2F74DFA202}.Release|x86.ActiveCfg = Release|Win32
		{9ECF6941-8993-40BA-A9BB-BC2F74DFA202}.Release|x86.Build.0 = Release|Win32
		{7857C216-07CF-4667-BAA1-F1E070109B1C}.Debug|x64.ActiveCfg = Debug|x64
		{7857C216-07CF-4667-BAA1-F1E070109B1C}.Debug|x64.Build.0 = Debug|x64
		{7857C216-07CF-4667-BAA1-F1E070109B1C}.Debug|x86.ActiveCfg = Debug|Win32
		{7857C216-07CF-4667-BAA1-F1E070109B1C}.Debug|x86.Build.0 = Debug|Win32
		{7857C216-07CF-4667-BAA1-F1E070109B1C}.Release|x64.ActiveCfg = Release|x64
		{7857C216-07CF-4667-BAA1-F1E070109B1C}.Release|x64.Build.0 = Release|x64
		{7857C216-07CF-4667-BAA1-F1E070109B1C}.Release|x86.ActiveCfg = Release|Win32
		{7857C216-07CF-4667-BAA1-F1E070109B1C}.Release|x86.Build.0 = Release|Win32
		{0F02EAD5-35A0-4A8E-8B36-673F6FC8C744}.Debug|x64.ActiveCfg = Debug|x64
		{0F02EAD5-35A0-4A8E-8B36-673F6FC8C744}.Debug|x64.Build.0 = Debug|x64
		{0F02EAD5-35A0-4A8E-8B36-673F6FC8C744}.Debug|x86.ActiveCfg = Debug|Win32
		{0F02EAD5-35A0-4A8E-8B36-673F6FC8C744}.Debug|x86.Build.0 = Debug|Win32
		{0F02EAD5-35A0-4A8E-8B36-673F6FC8C744}.Release|x64.ActiveCfg = Release|x64
		{0F02EAD5-35A0-4A8E-8B36-673F6FC8C744}.Release|x64.Build.0 = Release|x64
		{0F02EAD5-35A0-4A8E-8B36-673F6FC8C744}.Release|x86.ActiveCfg = Release|Win32
		{0F02EAD5-35A0-4A8E-8B36-673F6FC8C744}.Release|x86.Build.0 = Release|Win32
		{A7387FDC-6E1C-41F6-A3FF-112BE5DF1C53}.Debug|x64.ActiveCfg = Debug|x64
		{A7387FDC-6E1C-41F6-A3FF-112BE5DF1C53}.Debug|x64.Build.0 = Debug|x64
		{A7387FDC-6E1C-41F6-A3FF-112BE5DF1C53}.Debug|x86.ActiveCfg = Debug|Win32
		{A7387FDC-6E1C-41F6-A3FF-112BE5DF1C53}.Debug|x86.Build.0 = Debug|Win32
		{A7387FDC-6E1C-41F6-A3FF-112BE5DF1C53}.Release|x64.ActiveCfg = Release|x64
		{A7387FDC-6E1C-41F6-A3FF-112BE5DF1C53}.Release|x64.Build.0 = Release|x64
		{A7387FDC-6E1C-41F6-A3FF-112BE5DF1C53}.Release|x86.ActiveCfg = Release|Win32
		{A7387FDC-6E1C-41F6-A3FF-112BE5DF1C53}.Release|x86.Build.0 = Release|Win32
		{8B3C960F-5B23-4FBB-A951-AAE5B3258CE1}.Debug|x64.ActiveCfg = Debug|x64
		{8B3C960F-5B23-4FBB-A951-AAE5B3258CE1}.Debug|x64.Build.0 = Debug|x64
		{8B3C960F-5B23-4FBB-A951-AAE5B3258CE1}.Debug|x86.ActiveCfg = Debug|Win32
		{8B3C960F-5B23-4FBB-A951-AAE5B3258CE1}.Debug|x86.Build.0 = Debug|Win32
		{8B3C960F-5B23-4FBB-A951-AAE5B3258CE1}.Release|x64.ActiveCfg = Release|x64
		{8B3C960F-5B23-4FBB-A951-AAE5B3258CE1}.Release|x64.Build.0 = Release|x64
		{8B3C960F-5B23-4FBB-A951-AAE5B3258CE1}.Release|x86.ActiveCfg = Release|Win32
		{8B3C960F-5B23-4FBB-A951-AAE5B3258CE1}.Release|x86.Build.0 = Release|Win32
		{9CFDC471-94D0-45B2-A6EB-5AC9B1298FF5}.Debug|x64.ActiveCfg = Debug|x64
		{9CFDC471-94D0-45B2-A6EB-5AC9B1298FF5}.Debug|x64.Build.0 = Debug|x64
		{9CFDC471-94D0-45B2-A6EB-5AC9B1298FF5}.Debug|x86.ActiveCfg = Debug|Win32
		{9CFDC471-94D0-45B2-A6EB-5AC9B1298FF5}.Debug|x86.Build.0 = Debug|Win32
		{9CFDC471-94D0-45B2-A6EB-5AC9B1298FF5}.Release|x64.ActiveCfg = Release|x64
		{9CFDC471-94D0-45B2-A6EB-5AC9B1298FF5}.Release|x64.Build.0 = Release|x64
		{9CFDC471-94D0-45B2-A6EB-5AC9B1298FF5}.Release|x86.ActiveCfg = Release|Win32
		{9CFDC471-94D0-45B2-A6EB-5AC9B1298FF5}.Release|x86.Build.0 = Release|Win32
	EndGlobalSection
	GlobalSection(SolutionProperties) = preSolution
		HideSolutionNode = FALSE
	EndGlobalSection
	GlobalSection(ExtensibilityGlobals) = postSolution
		SolutionGuid = {F4FB27D0-78C8-4478-9E89-B8717E231613}
	EndGlobalSection
EndGlobal
