
Microsoft Visual Studio Solution File, Format Version 12.00
# Visual Studio Version 17
VisualStudioVersion = 17.1.32319.34
MinimumVisualStudioVersion = 10.0.40219.1
Project("{8BC9CEB8-8B4A-11D0-8D11-00A0C91BC942}") = "referencje", "referencje_brudnopis\referencje_brudnopis.vcxproj", "{A9FDE359-E233-4102-9F99-E1EAA73B5406}"
EndProject
Project("{8BC9CEB8-8B4A-11D0-8D11-00A0C91BC942}") = "Zad2", "Zad2\Zad2.vcxproj", "{49C1B9E7-8FCB-4494-BCD7-AA1E75DE6C4B}"
EndProject
Project("{8BC9CEB8-8B4A-11D0-8D11-00A0C91BC942}") = "Zad3", "Zad3\Zad3.vcxproj", "{3552BBEF-3F7F-496E-A5CD-156DBEF5E37D}"
EndProject
Project("{8BC9CEB8-8B4A-11D0-8D11-00A0C91BC942}") = "Zad5", "Zad5\Zad5.vcxproj", "{21571ACB-9016-49DC-8E43-B6812B078CE4}"
EndProject
Project("{8BC9CEB8-8B4A-11D0-8D11-00A0C91BC942}") = "Zad4", "Zad4\Zad4.vcxproj", "{D020DB22-5BC8-4B3F-8E70-C919664105B3}"
EndProject
Project("{8BC9CEB8-8B4A-11D0-8D11-00A0C91BC942}") = "Zad7", "Zad7\Zad7.vcxproj", "{390550F2-73C3-4F95-88BE-3DBB78E42BFC}"
EndProject
Project("{8BC9CEB8-8B4A-11D0-8D11-00A0C91BC942}") = "wskaźnik", "wskaźnik\wskaźnik.vcxproj", "{CEFFE696-CCEC-4972-93CD-A8C5DCF4E61F}"
EndProject
Project("{8BC9CEB8-8B4A-11D0-8D11-00A0C91BC942}") = "Zad9", "Zad9\Zad9.vcxproj", "{91E6FFD7-250D-42B6-AA30-55ABF2408D4B}"
EndProject
Project("{8BC9CEB8-8B4A-11D0-8D11-00A0C91BC942}") = "Zad10", "Zad10\Zad10.vcxproj", "{1F9D5DFA-352B-4FEC-8DE6-76E92D64C70E}"
EndProject
Project("{8BC9CEB8-8B4A-11D0-8D11-00A0C91BC942}") = "Zad12", "Zad12\Zad12.vcxproj", "{E180ED11-3760-4B71-8996-F31478A0871A}"
EndProject
Project("{8BC9CEB8-8B4A-11D0-8D11-00A0C91BC942}") = "Zad13", "Zad13\Zad13.vcxproj", "{1C13F2EB-9AF6-4376-9F42-4F63C4F5C388}"
EndProject
Project("{8BC9CEB8-8B4A-11D0-8D11-00A0C91BC942}") = "test", "test\test.vcxproj", "{E556D2C9-843C-4C7B-B191-7EFE434C67B9}"
EndProject
Global
	GlobalSection(SolutionConfigurationPlatforms) = preSolution
		Debug|x64 = Debug|x64
		Debug|x86 = Debug|x86
		Release|x64 = Release|x64
		Release|x86 = Release|x86
	EndGlobalSection
	GlobalSection(ProjectConfigurationPlatforms) = postSolution
		{A9FDE359-E233-4102-9F99-E1EAA73B5406}.Debug|x64.ActiveCfg = Debug|x64
		{A9FDE359-E233-4102-9F99-E1EAA73B5406}.Debug|x64.Build.0 = Debug|x64
		{A9FDE359-E233-4102-9F99-E1EAA73B5406}.Debug|x86.ActiveCfg = Debug|Win32
		{A9FDE359-E233-4102-9F99-E1EAA73B5406}.Debug|x86.Build.0 = Debug|Win32
		{A9FDE359-E233-4102-9F99-E1EAA73B5406}.Release|x64.ActiveCfg = Release|x64
		{A9FDE359-E233-4102-9F99-E1EAA73B5406}.Release|x64.Build.0 = Release|x64
		{A9FDE359-E233-4102-9F99-E1EAA73B5406}.Release|x86.ActiveCfg = Release|Win32
		{A9FDE359-E233-4102-9F99-E1EAA73B5406}.Release|x86.Build.0 = Release|Win32
		{49C1B9E7-8FCB-4494-BCD7-AA1E75DE6C4B}.Debug|x64.ActiveCfg = Debug|x64
		{49C1B9E7-8FCB-4494-BCD7-AA1E75DE6C4B}.Debug|x64.Build.0 = Debug|x64
		{49C1B9E7-8FCB-4494-BCD7-AA1E75DE6C4B}.Debug|x86.ActiveCfg = Debug|Win32
		{49C1B9E7-8FCB-4494-BCD7-AA1E75DE6C4B}.Debug|x86.Build.0 = Debug|Win32
		{49C1B9E7-8FCB-4494-BCD7-AA1E75DE6C4B}.Release|x64.ActiveCfg = Release|x64
		{49C1B9E7-8FCB-4494-BCD7-AA1E75DE6C4B}.Release|x64.Build.0 = Release|x64
		{49C1B9E7-8FCB-4494-BCD7-AA1E75DE6C4B}.Release|x86.ActiveCfg = Release|Win32
		{49C1B9E7-8FCB-4494-BCD7-AA1E75DE6C4B}.Release|x86.Build.0 = Release|Win32
		{3552BBEF-3F7F-496E-A5CD-156DBEF5E37D}.Debug|x64.ActiveCfg = Debug|x64
		{3552BBEF-3F7F-496E-A5CD-156DBEF5E37D}.Debug|x64.Build.0 = Debug|x64
		{3552BBEF-3F7F-496E-A5CD-156DBEF5E37D}.Debug|x86.ActiveCfg = Debug|Win32
		{3552BBEF-3F7F-496E-A5CD-156DBEF5E37D}.Debug|x86.Build.0 = Debug|Win32
		{3552BBEF-3F7F-496E-A5CD-156DBEF5E37D}.Release|x64.ActiveCfg = Release|x64
		{3552BBEF-3F7F-496E-A5CD-156DBEF5E37D}.Release|x64.Build.0 = Release|x64
		{3552BBEF-3F7F-496E-A5CD-156DBEF5E37D}.Release|x86.ActiveCfg = Release|Win32
		{3552BBEF-3F7F-496E-A5CD-156DBEF5E37D}.Release|x86.Build.0 = Release|Win32
		{21571ACB-9016-49DC-8E43-B6812B078CE4}.Debug|x64.ActiveCfg = Debug|x64
		{21571ACB-9016-49DC-8E43-B6812B078CE4}.Debug|x64.Build.0 = Debug|x64
		{21571ACB-9016-49DC-8E43-B6812B078CE4}.Debug|x86.ActiveCfg = Debug|Win32
		{21571ACB-9016-49DC-8E43-B6812B078CE4}.Debug|x86.Build.0 = Debug|Win32
		{21571ACB-9016-49DC-8E43-B6812B078CE4}.Release|x64.ActiveCfg = Release|x64
		{21571ACB-9016-49DC-8E43-B6812B078CE4}.Release|x64.Build.0 = Release|x64
		{21571ACB-9016-49DC-8E43-B6812B078CE4}.Release|x86.ActiveCfg = Release|Win32
		{21571ACB-9016-49DC-8E43-B6812B078CE4}.Release|x86.Build.0 = Release|Win32
		{D020DB22-5BC8-4B3F-8E70-C919664105B3}.Debug|x64.ActiveCfg = Debug|x64
		{D020DB22-5BC8-4B3F-8E70-C919664105B3}.Debug|x64.Build.0 = Debug|x64
		{D020DB22-5BC8-4B3F-8E70-C919664105B3}.Debug|x86.ActiveCfg = Debug|Win32
		{D020DB22-5BC8-4B3F-8E70-C919664105B3}.Debug|x86.Build.0 = Debug|Win32
		{D020DB22-5BC8-4B3F-8E70-C919664105B3}.Release|x64.ActiveCfg = Release|x64
		{D020DB22-5BC8-4B3F-8E70-C919664105B3}.Release|x64.Build.0 = Release|x64
		{D020DB22-5BC8-4B3F-8E70-C919664105B3}.Release|x86.ActiveCfg = Release|Win32
		{D020DB22-5BC8-4B3F-8E70-C919664105B3}.Release|x86.Build.0 = Release|Win32
		{390550F2-73C3-4F95-88BE-3DBB78E42BFC}.Debug|x64.ActiveCfg = Debug|x64
		{390550F2-73C3-4F95-88BE-3DBB78E42BFC}.Debug|x64.Build.0 = Debug|x64
		{390550F2-73C3-4F95-88BE-3DBB78E42BFC}.Debug|x86.ActiveCfg = Debug|Win32
		{390550F2-73C3-4F95-88BE-3DBB78E42BFC}.Debug|x86.Build.0 = Debug|Win32
		{390550F2-73C3-4F95-88BE-3DBB78E42BFC}.Release|x64.ActiveCfg = Release|x64
		{390550F2-73C3-4F95-88BE-3DBB78E42BFC}.Release|x64.Build.0 = Release|x64
		{390550F2-73C3-4F95-88BE-3DBB78E42BFC}.Release|x86.ActiveCfg = Release|Win32
		{390550F2-73C3-4F95-88BE-3DBB78E42BFC}.Release|x86.Build.0 = Release|Win32
		{CEFFE696-CCEC-4972-93CD-A8C5DCF4E61F}.Debug|x64.ActiveCfg = Debug|x64
		{CEFFE696-CCEC-4972-93CD-A8C5DCF4E61F}.Debug|x64.Build.0 = Debug|x64
		{CEFFE696-CCEC-4972-93CD-A8C5DCF4E61F}.Debug|x86.ActiveCfg = Debug|Win32
		{CEFFE696-CCEC-4972-93CD-A8C5DCF4E61F}.Debug|x86.Build.0 = Debug|Win32
		{CEFFE696-CCEC-4972-93CD-A8C5DCF4E61F}.Release|x64.ActiveCfg = Release|x64
		{CEFFE696-CCEC-4972-93CD-A8C5DCF4E61F}.Release|x64.Build.0 = Release|x64
		{CEFFE696-CCEC-4972-93CD-A8C5DCF4E61F}.Release|x86.ActiveCfg = Release|Win32
		{CEFFE696-CCEC-4972-93CD-A8C5DCF4E61F}.Release|x86.Build.0 = Release|Win32
		{91E6FFD7-250D-42B6-AA30-55ABF2408D4B}.Debug|x64.ActiveCfg = Debug|x64
		{91E6FFD7-250D-42B6-AA30-55ABF2408D4B}.Debug|x64.Build.0 = Debug|x64
		{91E6FFD7-250D-42B6-AA30-55ABF2408D4B}.Debug|x86.ActiveCfg = Debug|Win32
		{91E6FFD7-250D-42B6-AA30-55ABF2408D4B}.Debug|x86.Build.0 = Debug|Win32
		{91E6FFD7-250D-42B6-AA30-55ABF2408D4B}.Release|x64.ActiveCfg = Release|x64
		{91E6FFD7-250D-42B6-AA30-55ABF2408D4B}.Release|x64.Build.0 = Release|x64
		{91E6FFD7-250D-42B6-AA30-55ABF2408D4B}.Release|x86.ActiveCfg = Release|Win32
		{91E6FFD7-250D-42B6-AA30-55ABF2408D4B}.Release|x86.Build.0 = Release|Win32
		{1F9D5DFA-352B-4FEC-8DE6-76E92D64C70E}.Debug|x64.ActiveCfg = Debug|x64
		{1F9D5DFA-352B-4FEC-8DE6-76E92D64C70E}.Debug|x64.Build.0 = Debug|x64
		{1F9D5DFA-352B-4FEC-8DE6-76E92D64C70E}.Debug|x86.ActiveCfg = Debug|Win32
		{1F9D5DFA-352B-4FEC-8DE6-76E92D64C70E}.Debug|x86.Build.0 = Debug|Win32
		{1F9D5DFA-352B-4FEC-8DE6-76E92D64C70E}.Release|x64.ActiveCfg = Release|x64
		{1F9D5DFA-352B-4FEC-8DE6-76E92D64C70E}.Release|x64.Build.0 = Release|x64
		{1F9D5DFA-352B-4FEC-8DE6-76E92D64C70E}.Release|x86.ActiveCfg = Release|Win32
		{1F9D5DFA-352B-4FEC-8DE6-76E92D64C70E}.Release|x86.Build.0 = Release|Win32
		{E180ED11-3760-4B71-8996-F31478A0871A}.Debug|x64.ActiveCfg = Debug|x64
		{E180ED11-3760-4B71-8996-F31478A0871A}.Debug|x64.Build.0 = Debug|x64
		{E180ED11-3760-4B71-8996-F31478A0871A}.Debug|x86.ActiveCfg = Debug|Win32
		{E180ED11-3760-4B71-8996-F31478A0871A}.Debug|x86.Build.0 = Debug|Win32
		{E180ED11-3760-4B71-8996-F31478A0871A}.Release|x64.ActiveCfg = Release|x64
		{E180ED11-3760-4B71-8996-F31478A0871A}.Release|x64.Build.0 = Release|x64
		{E180ED11-3760-4B71-8996-F31478A0871A}.Release|x86.ActiveCfg = Release|Win32
		{E180ED11-3760-4B71-8996-F31478A0871A}.Release|x86.Build.0 = Release|Win32
		{1C13F2EB-9AF6-4376-9F42-4F63C4F5C388}.Debug|x64.ActiveCfg = Debug|x64
		{1C13F2EB-9AF6-4376-9F42-4F63C4F5C388}.Debug|x64.Build.0 = Debug|x64
		{1C13F2EB-9AF6-4376-9F42-4F63C4F5C388}.Debug|x86.ActiveCfg = Debug|Win32
		{1C13F2EB-9AF6-4376-9F42-4F63C4F5C388}.Debug|x86.Build.0 = Debug|Win32
		{1C13F2EB-9AF6-4376-9F42-4F63C4F5C388}.Release|x64.ActiveCfg = Release|x64
		{1C13F2EB-9AF6-4376-9F42-4F63C4F5C388}.Release|x64.Build.0 = Release|x64
		{1C13F2EB-9AF6-4376-9F42-4F63C4F5C388}.Release|x86.ActiveCfg = Release|Win32
		{1C13F2EB-9AF6-4376-9F42-4F63C4F5C388}.Release|x86.Build.0 = Release|Win32
		{E556D2C9-843C-4C7B-B191-7EFE434C67B9}.Debug|x64.ActiveCfg = Debug|x64
		{E556D2C9-843C-4C7B-B191-7EFE434C67B9}.Debug|x64.Build.0 = Debug|x64
		{E556D2C9-843C-4C7B-B191-7EFE434C67B9}.Debug|x86.ActiveCfg = Debug|Win32
		{E556D2C9-843C-4C7B-B191-7EFE434C67B9}.Debug|x86.Build.0 = Debug|Win32
		{E556D2C9-843C-4C7B-B191-7EFE434C67B9}.Release|x64.ActiveCfg = Release|x64
		{E556D2C9-843C-4C7B-B191-7EFE434C67B9}.Release|x64.Build.0 = Release|x64
		{E556D2C9-843C-4C7B-B191-7EFE434C67B9}.Release|x86.ActiveCfg = Release|Win32
		{E556D2C9-843C-4C7B-B191-7EFE434C67B9}.Release|x86.Build.0 = Release|Win32
	EndGlobalSection
	GlobalSection(SolutionProperties) = preSolution
		HideSolutionNode = FALSE
	EndGlobalSection
	GlobalSection(ExtensibilityGlobals) = postSolution
		SolutionGuid = {AE4D7FF4-5F51-4B6D-96C9-537C8D7010E1}
	EndGlobalSection
EndGlobal
