
Microsoft Visual Studio Solution File, Format Version 12.00
# Visual Studio Version 17
VisualStudioVersion = 17.1.32319.34
MinimumVisualStudioVersion = 10.0.40219.1
Project("{8BC9CEB8-8B4A-11D0-8D11-00A0C91BC942}") = "KursCpp3", "KursCpp3\KursCpp3.vcxproj", "{4B3DDFF6-408D-41F8-8B43-6370D11CC901}"
EndProject
Project("{8BC9CEB8-8B4A-11D0-8D11-00A0C91BC942}") = "Zad1.1", "Zad1.1\Zad1.1.vcxproj", "{4388BEC1-1C9D-4035-B40E-6CB19F628DB2}"
EndProject
Project("{8BC9CEB8-8B4A-11D0-8D11-00A0C91BC942}") = "Zad1.2", "Zad1.2\Zad1.2.vcxproj", "{8CF63B70-A65E-4909-B478-2B471898E53B}"
EndProject
Project("{8BC9CEB8-8B4A-11D0-8D11-00A0C91BC942}") = "Zad1.3", "Zad1.3\Zad1.3.vcxproj", "{9A25C90B-B14F-4214-A59B-9BF3CA5979BD}"
EndProject
Project("{8BC9CEB8-8B4A-11D0-8D11-00A0C91BC942}") = "Zad1.4", "Zad1.4\Zad1.4.vcxproj", "{E91A1592-4523-48F4-B47D-A48CC88B7CFA}"
EndProject
Project("{8BC9CEB8-8B4A-11D0-8D11-00A0C91BC942}") = "Zad1.5", "Zad1.5\Zad1.5.vcxproj", "{177453ED-6FF8-4DD3-ACB9-C815C8BDC2E3}"
EndProject
Project("{8BC9CEB8-8B4A-11D0-8D11-00A0C91BC942}") = "Zad1.6", "Zad1.6\Zad1.6.vcxproj", "{318CD322-70C7-45B8-93CD-B93BF2F551C9}"
EndProject
Project("{8BC9CEB8-8B4A-11D0-8D11-00A0C91BC942}") = "Zad1.9", "Zad1.9\Zad1.9.vcxproj", "{989C7503-CB83-4DC4-B43B-B5A6B7C9C21B}"
EndProject
Project("{8BC9CEB8-8B4A-11D0-8D11-00A0C91BC942}") = "Zad2.1", "Zad2.1\Zad2.1.vcxproj", "{79B729A7-CF1D-4431-AA77-44F55A670555}"
EndProject
Project("{8BC9CEB8-8B4A-11D0-8D11-00A0C91BC942}") = "Zad2.2", "Zad2.2\Zad2.2.vcxproj", "{F52A6AD3-F7CD-436D-A9CF-32D930991F61}"
EndProject
Project("{8BC9CEB8-8B4A-11D0-8D11-00A0C91BC942}") = "Zad2.3", "Zad2.3\Zad2.3.vcxproj", "{3AAEA690-F046-4DAA-A148-7CB1188F2643}"
EndProject
Project("{8BC9CEB8-8B4A-11D0-8D11-00A0C91BC942}") = "Zad2.6", "Zad2.6\Zad2.6.vcxproj", "{41B546B5-0624-4BA7-8430-C866E715EEA5}"
EndProject
Project("{8BC9CEB8-8B4A-11D0-8D11-00A0C91BC942}") = "Zad3.1", "Zad3.1\Zad3.1.vcxproj", "{2604C9B8-6865-4D1A-A5F1-8B75F35886C7}"
EndProject
Project("{8BC9CEB8-8B4A-11D0-8D11-00A0C91BC942}") = "Zad3.2", "Zad3.2\Zad3.2.vcxproj", "{B199F1CA-B787-44BF-AF45-262B82E83D92}"
EndProject
Project("{8BC9CEB8-8B4A-11D0-8D11-00A0C91BC942}") = "Zad4.2", "Zad4.2\Zad4.2.vcxproj", "{3FCECF94-4105-4641-89AA-81075959224D}"
EndProject
Project("{8BC9CEB8-8B4A-11D0-8D11-00A0C91BC942}") = "Zad4.3", "Zad4.3\Zad4.3.vcxproj", "{FA3B3840-00DE-434D-A0DB-A283B45DAA80}"
EndProject
Project("{8BC9CEB8-8B4A-11D0-8D11-00A0C91BC942}") = "Zad 5.1", "Zad 5.1\Zad 5.1.vcxproj", "{D34CE96E-D0D3-49FC-9942-047725025D90}"
EndProject
Project("{8BC9CEB8-8B4A-11D0-8D11-00A0C91BC942}") = "Zad5.2", "Zad5.2\Zad5.2.vcxproj", "{908BCA0B-D6BC-4D15-8318-08C668FB96BF}"
EndProject
Project("{8BC9CEB8-8B4A-11D0-8D11-00A0C91BC942}") = "Zad5.3", "Zad5.3\Zad5.3.vcxproj", "{1318C813-C404-4671-878F-83AD161CE502}"
EndProject
Project("{8BC9CEB8-8B4A-11D0-8D11-00A0C91BC942}") = "Zad5.5", "Zad5.5\Zad5.5.vcxproj", "{8EBEE369-E002-4313-84F7-DD22F7AC15C9}"
EndProject
Project("{8BC9CEB8-8B4A-11D0-8D11-00A0C91BC942}") = "Zad5.6", "Zad5.6\Zad5.6.vcxproj", "{AE3D616B-B62B-4325-B20A-B21280021EFF}"
EndProject
Project("{8BC9CEB8-8B4A-11D0-8D11-00A0C91BC942}") = "Zad5.7", "Zad5.7\Zad5.7.vcxproj", "{64522BBA-81D9-4EAF-8064-07439C6478D1}"
EndProject
Project("{8BC9CEB8-8B4A-11D0-8D11-00A0C91BC942}") = "Zad5.8", "Zad5.8\Zad5.8.vcxproj", "{E26E67E1-2D22-48D9-87C2-4D2078A5ACBC}"
EndProject
Project("{8BC9CEB8-8B4A-11D0-8D11-00A0C91BC942}") = "Zad5.9", "Zad5.9\Zad5.9.vcxproj", "{108717FF-BCD3-4784-99CB-BD65F1225DF8}"
EndProject
Project("{8BC9CEB8-8B4A-11D0-8D11-00A0C91BC942}") = "Zad5.10", "Zad5.10\Zad5.10.vcxproj", "{DB9161CC-1BDA-43FB-8A00-23E39A1BE07B}"
EndProject
Project("{8BC9CEB8-8B4A-11D0-8D11-00A0C91BC942}") = "Zad5.10 2x2", "Zad5.10 2x2\Zad5.10 2x2.vcxproj", "{4D025460-0BBF-48F9-923F-D48017EFDBF8}"
EndProject
Project("{8BC9CEB8-8B4A-11D0-8D11-00A0C91BC942}") = "Zad6.1", "Zad6.1\Zad6.1.vcxproj", "{62CDF516-7351-4170-9C2D-FD3E2CD315B0}"
EndProject
Project("{8BC9CEB8-8B4A-11D0-8D11-00A0C91BC942}") = "Zad6.1b", "Zad6.1b\Zad6.1b.vcxproj", "{0530EA70-61E1-41B9-B12F-C606942551AA}"
EndProject
Project("{8BC9CEB8-8B4A-11D0-8D11-00A0C91BC942}") = "domowe", "domowe\domowe.vcxproj", "{223A6373-8D84-4316-BD39-E1DE411914C3}"
EndProject
Project("{8BC9CEB8-8B4A-11D0-8D11-00A0C91BC942}") = "Zad7.1", "Zad7.1\Zad7.1.vcxproj", "{A314AD37-D8DF-4ECE-8FA8-73E7A6EE526E}"
EndProject
Project("{8BC9CEB8-8B4A-11D0-8D11-00A0C91BC942}") = "Zad7.2", "Zad7.2\Zad7.2.vcxproj", "{D495F37C-F4D3-4FC9-A4F2-61F52D209758}"
EndProject
Project("{8BC9CEB8-8B4A-11D0-8D11-00A0C91BC942}") = "Zad7.3", "Zad7.3\Zad7.3.vcxproj", "{49B3D4BC-14A2-4802-B03D-54375B6B4017}"
EndProject
Project("{8BC9CEB8-8B4A-11D0-8D11-00A0C91BC942}") = "Zad7.4", "Zad7.4\Zad7.4.vcxproj", "{87DCA735-6674-4199-99BB-4E7096BEEF55}"
EndProject
Project("{8BC9CEB8-8B4A-11D0-8D11-00A0C91BC942}") = "Zad7.11", "Zad7.11\Zad7.11.vcxproj", "{EBA4A815-59D1-4884-B171-1BFED6F4915C}"
EndProject
Global
	GlobalSection(SolutionConfigurationPlatforms) = preSolution
		Debug|x64 = Debug|x64
		Debug|x86 = Debug|x86
		Release|x64 = Release|x64
		Release|x86 = Release|x86
	EndGlobalSection
	GlobalSection(ProjectConfigurationPlatforms) = postSolution
		{4B3DDFF6-408D-41F8-8B43-6370D11CC901}.Debug|x64.ActiveCfg = Debug|x64
		{4B3DDFF6-408D-41F8-8B43-6370D11CC901}.Debug|x64.Build.0 = Debug|x64
		{4B3DDFF6-408D-41F8-8B43-6370D11CC901}.Debug|x86.ActiveCfg = Debug|Win32
		{4B3DDFF6-408D-41F8-8B43-6370D11CC901}.Debug|x86.Build.0 = Debug|Win32
		{4B3DDFF6-408D-41F8-8B43-6370D11CC901}.Release|x64.ActiveCfg = Release|x64
		{4B3DDFF6-408D-41F8-8B43-6370D11CC901}.Release|x64.Build.0 = Release|x64
		{4B3DDFF6-408D-41F8-8B43-6370D11CC901}.Release|x86.ActiveCfg = Release|Win32
		{4B3DDFF6-408D-41F8-8B43-6370D11CC901}.Release|x86.Build.0 = Release|Win32
		{4388BEC1-1C9D-4035-B40E-6CB19F628DB2}.Debug|x64.ActiveCfg = Debug|x64
		{4388BEC1-1C9D-4035-B40E-6CB19F628DB2}.Debug|x64.Build.0 = Debug|x64
		{4388BEC1-1C9D-4035-B40E-6CB19F628DB2}.Debug|x86.ActiveCfg = Debug|Win32
		{4388BEC1-1C9D-4035-B40E-6CB19F628DB2}.Debug|x86.Build.0 = Debug|Win32
		{4388BEC1-1C9D-4035-B40E-6CB19F628DB2}.Release|x64.ActiveCfg = Release|x64
		{4388BEC1-1C9D-4035-B40E-6CB19F628DB2}.Release|x64.Build.0 = Release|x64
		{4388BEC1-1C9D-4035-B40E-6CB19F628DB2}.Release|x86.ActiveCfg = Release|Win32
		{4388BEC1-1C9D-4035-B40E-6CB19F628DB2}.Release|x86.Build.0 = Release|Win32
		{8CF63B70-A65E-4909-B478-2B471898E53B}.Debug|x64.ActiveCfg = Debug|x64
		{8CF63B70-A65E-4909-B478-2B471898E53B}.Debug|x64.Build.0 = Debug|x64
		{8CF63B70-A65E-4909-B478-2B471898E53B}.Debug|x86.ActiveCfg = Debug|Win32
		{8CF63B70-A65E-4909-B478-2B471898E53B}.Debug|x86.Build.0 = Debug|Win32
		{8CF63B70-A65E-4909-B478-2B471898E53B}.Release|x64.ActiveCfg = Release|x64
		{8CF63B70-A65E-4909-B478-2B471898E53B}.Release|x64.Build.0 = Release|x64
		{8CF63B70-A65E-4909-B478-2B471898E53B}.Release|x86.ActiveCfg = Release|Win32
		{8CF63B70-A65E-4909-B478-2B471898E53B}.Release|x86.Build.0 = Release|Win32
		{9A25C90B-B14F-4214-A59B-9BF3CA5979BD}.Debug|x64.ActiveCfg = Debug|x64
		{9A25C90B-B14F-4214-A59B-9BF3CA5979BD}.Debug|x64.Build.0 = Debug|x64
		{9A25C90B-B14F-4214-A59B-9BF3CA5979BD}.Debug|x86.ActiveCfg = Debug|Win32
		{9A25C90B-B14F-4214-A59B-9BF3CA5979BD}.Debug|x86.Build.0 = Debug|Win32
		{9A25C90B-B14F-4214-A59B-9BF3CA5979BD}.Release|x64.ActiveCfg = Release|x64
		{9A25C90B-B14F-4214-A59B-9BF3CA5979BD}.Release|x64.Build.0 = Release|x64
		{9A25C90B-B14F-4214-A59B-9BF3CA5979BD}.Release|x86.ActiveCfg = Release|Win32
		{9A25C90B-B14F-4214-A59B-9BF3CA5979BD}.Release|x86.Build.0 = Release|Win32
		{E91A1592-4523-48F4-B47D-A48CC88B7CFA}.Debug|x64.ActiveCfg = Debug|x64
		{E91A1592-4523-48F4-B47D-A48CC88B7CFA}.Debug|x64.Build.0 = Debug|x64
		{E91A1592-4523-48F4-B47D-A48CC88B7CFA}.Debug|x86.ActiveCfg = Debug|Win32
		{E91A1592-4523-48F4-B47D-A48CC88B7CFA}.Debug|x86.Build.0 = Debug|Win32
		{E91A1592-4523-48F4-B47D-A48CC88B7CFA}.Release|x64.ActiveCfg = Release|x64
		{E91A1592-4523-48F4-B47D-A48CC88B7CFA}.Release|x64.Build.0 = Release|x64
		{E91A1592-4523-48F4-B47D-A48CC88B7CFA}.Release|x86.ActiveCfg = Release|Win32
		{E91A1592-4523-48F4-B47D-A48CC88B7CFA}.Release|x86.Build.0 = Release|Win32
		{177453ED-6FF8-4DD3-ACB9-C815C8BDC2E3}.Debug|x64.ActiveCfg = Debug|x64
		{177453ED-6FF8-4DD3-ACB9-C815C8BDC2E3}.Debug|x64.Build.0 = Debug|x64
		{177453ED-6FF8-4DD3-ACB9-C815C8BDC2E3}.Debug|x86.ActiveCfg = Debug|Win32
		{177453ED-6FF8-4DD3-ACB9-C815C8BDC2E3}.Debug|x86.Build.0 = Debug|Win32
		{177453ED-6FF8-4DD3-ACB9-C815C8BDC2E3}.Release|x64.ActiveCfg = Release|x64
		{177453ED-6FF8-4DD3-ACB9-C815C8BDC2E3}.Release|x64.Build.0 = Release|x64
		{177453ED-6FF8-4DD3-ACB9-C815C8BDC2E3}.Release|x86.ActiveCfg = Release|Win32
		{177453ED-6FF8-4DD3-ACB9-C815C8BDC2E3}.Release|x86.Build.0 = Release|Win32
		{318CD322-70C7-45B8-93CD-B93BF2F551C9}.Debug|x64.ActiveCfg = Debug|x64
		{318CD322-70C7-45B8-93CD-B93BF2F551C9}.Debug|x64.Build.0 = Debug|x64
		{318CD322-70C7-45B8-93CD-B93BF2F551C9}.Debug|x86.ActiveCfg = Debug|Win32
		{318CD322-70C7-45B8-93CD-B93BF2F551C9}.Debug|x86.Build.0 = Debug|Win32
		{318CD322-70C7-45B8-93CD-B93BF2F551C9}.Release|x64.ActiveCfg = Release|x64
		{318CD322-70C7-45B8-93CD-B93BF2F551C9}.Release|x64.Build.0 = Release|x64
		{318CD322-70C7-45B8-93CD-B93BF2F551C9}.Release|x86.ActiveCfg = Release|Win32
		{318CD322-70C7-45B8-93CD-B93BF2F551C9}.Release|x86.Build.0 = Release|Win32
		{989C7503-CB83-4DC4-B43B-B5A6B7C9C21B}.Debug|x64.ActiveCfg = Debug|x64
		{989C7503-CB83-4DC4-B43B-B5A6B7C9C21B}.Debug|x64.Build.0 = Debug|x64
		{989C7503-CB83-4DC4-B43B-B5A6B7C9C21B}.Debug|x86.ActiveCfg = Debug|Win32
		{989C7503-CB83-4DC4-B43B-B5A6B7C9C21B}.Debug|x86.Build.0 = Debug|Win32
		{989C7503-CB83-4DC4-B43B-B5A6B7C9C21B}.Release|x64.ActiveCfg = Release|x64
		{989C7503-CB83-4DC4-B43B-B5A6B7C9C21B}.Release|x64.Build.0 = Release|x64
		{989C7503-CB83-4DC4-B43B-B5A6B7C9C21B}.Release|x86.ActiveCfg = Release|Win32
		{989C7503-CB83-4DC4-B43B-B5A6B7C9C21B}.Release|x86.Build.0 = Release|Win32
		{79B729A7-CF1D-4431-AA77-44F55A670555}.Debug|x64.ActiveCfg = Debug|x64
		{79B729A7-CF1D-4431-AA77-44F55A670555}.Debug|x64.Build.0 = Debug|x64
		{79B729A7-CF1D-4431-AA77-44F55A670555}.Debug|x86.ActiveCfg = Debug|Win32
		{79B729A7-CF1D-4431-AA77-44F55A670555}.Debug|x86.Build.0 = Debug|Win32
		{79B729A7-CF1D-4431-AA77-44F55A670555}.Release|x64.ActiveCfg = Release|x64
		{79B729A7-CF1D-4431-AA77-44F55A670555}.Release|x64.Build.0 = Release|x64
		{79B729A7-CF1D-4431-AA77-44F55A670555}.Release|x86.ActiveCfg = Release|Win32
		{79B729A7-CF1D-4431-AA77-44F55A670555}.Release|x86.Build.0 = Release|Win32
		{F52A6AD3-F7CD-436D-A9CF-32D930991F61}.Debug|x64.ActiveCfg = Debug|x64
		{F52A6AD3-F7CD-436D-A9CF-32D930991F61}.Debug|x64.Build.0 = Debug|x64
		{F52A6AD3-F7CD-436D-A9CF-32D930991F61}.Debug|x86.ActiveCfg = Debug|Win32
		{F52A6AD3-F7CD-436D-A9CF-32D930991F61}.Debug|x86.Build.0 = Debug|Win32
		{F52A6AD3-F7CD-436D-A9CF-32D930991F61}.Release|x64.ActiveCfg = Release|x64
		{F52A6AD3-F7CD-436D-A9CF-32D930991F61}.Release|x64.Build.0 = Release|x64
		{F52A6AD3-F7CD-436D-A9CF-32D930991F61}.Release|x86.ActiveCfg = Release|Win32
		{F52A6AD3-F7CD-436D-A9CF-32D930991F61}.Release|x86.Build.0 = Release|Win32
		{3AAEA690-F046-4DAA-A148-7CB1188F2643}.Debug|x64.ActiveCfg = Debug|x64
		{3AAEA690-F046-4DAA-A148-7CB1188F2643}.Debug|x64.Build.0 = Debug|x64
		{3AAEA690-F046-4DAA-A148-7CB1188F2643}.Debug|x86.ActiveCfg = Debug|Win32
		{3AAEA690-F046-4DAA-A148-7CB1188F2643}.Debug|x86.Build.0 = Debug|Win32
		{3AAEA690-F046-4DAA-A148-7CB1188F2643}.Release|x64.ActiveCfg = Release|x64
		{3AAEA690-F046-4DAA-A148-7CB1188F2643}.Release|x64.Build.0 = Release|x64
		{3AAEA690-F046-4DAA-A148-7CB1188F2643}.Release|x86.ActiveCfg = Release|Win32
		{3AAEA690-F046-4DAA-A148-7CB1188F2643}.Release|x86.Build.0 = Release|Win32
		{41B546B5-0624-4BA7-8430-C866E715EEA5}.Debug|x64.ActiveCfg = Debug|x64
		{41B546B5-0624-4BA7-8430-C866E715EEA5}.Debug|x64.Build.0 = Debug|x64
		{41B546B5-0624-4BA7-8430-C866E715EEA5}.Debug|x86.ActiveCfg = Debug|Win32
		{41B546B5-0624-4BA7-8430-C866E715EEA5}.Debug|x86.Build.0 = Debug|Win32
		{41B546B5-0624-4BA7-8430-C866E715EEA5}.Release|x64.ActiveCfg = Release|x64
		{41B546B5-0624-4BA7-8430-C866E715EEA5}.Release|x64.Build.0 = Release|x64
		{41B546B5-0624-4BA7-8430-C866E715EEA5}.Release|x86.ActiveCfg = Release|Win32
		{41B546B5-0624-4BA7-8430-C866E715EEA5}.Release|x86.Build.0 = Release|Win32
		{2604C9B8-6865-4D1A-A5F1-8B75F35886C7}.Debug|x64.ActiveCfg = Debug|x64
		{2604C9B8-6865-4D1A-A5F1-8B75F35886C7}.Debug|x64.Build.0 = Debug|x64
		{2604C9B8-6865-4D1A-A5F1-8B75F35886C7}.Debug|x86.ActiveCfg = Debug|Win32
		{2604C9B8-6865-4D1A-A5F1-8B75F35886C7}.Debug|x86.Build.0 = Debug|Win32
		{2604C9B8-6865-4D1A-A5F1-8B75F35886C7}.Release|x64.ActiveCfg = Release|x64
		{2604C9B8-6865-4D1A-A5F1-8B75F35886C7}.Release|x64.Build.0 = Release|x64
		{2604C9B8-6865-4D1A-A5F1-8B75F35886C7}.Release|x86.ActiveCfg = Release|Win32
		{2604C9B8-6865-4D1A-A5F1-8B75F35886C7}.Release|x86.Build.0 = Release|Win32
		{B199F1CA-B787-44BF-AF45-262B82E83D92}.Debug|x64.ActiveCfg = Debug|x64
		{B199F1CA-B787-44BF-AF45-262B82E83D92}.Debug|x64.Build.0 = Debug|x64
		{B199F1CA-B787-44BF-AF45-262B82E83D92}.Debug|x86.ActiveCfg = Debug|Win32
		{B199F1CA-B787-44BF-AF45-262B82E83D92}.Debug|x86.Build.0 = Debug|Win32
		{B199F1CA-B787-44BF-AF45-262B82E83D92}.Release|x64.ActiveCfg = Release|x64
		{B199F1CA-B787-44BF-AF45-262B82E83D92}.Release|x64.Build.0 = Release|x64
		{B199F1CA-B787-44BF-AF45-262B82E83D92}.Release|x86.ActiveCfg = Release|Win32
		{B199F1CA-B787-44BF-AF45-262B82E83D92}.Release|x86.Build.0 = Release|Win32
		{3FCECF94-4105-4641-89AA-81075959224D}.Debug|x64.ActiveCfg = Debug|x64
		{3FCECF94-4105-4641-89AA-81075959224D}.Debug|x64.Build.0 = Debug|x64
		{3FCECF94-4105-4641-89AA-81075959224D}.Debug|x86.ActiveCfg = Debug|Win32
		{3FCECF94-4105-4641-89AA-81075959224D}.Debug|x86.Build.0 = Debug|Win32
		{3FCECF94-4105-4641-89AA-81075959224D}.Release|x64.ActiveCfg = Release|x64
		{3FCECF94-4105-4641-89AA-81075959224D}.Release|x64.Build.0 = Release|x64
		{3FCECF94-4105-4641-89AA-81075959224D}.Release|x86.ActiveCfg = Release|Win32
		{3FCECF94-4105-4641-89AA-81075959224D}.Release|x86.Build.0 = Release|Win32
		{FA3B3840-00DE-434D-A0DB-A283B45DAA80}.Debug|x64.ActiveCfg = Debug|x64
		{FA3B3840-00DE-434D-A0DB-A283B45DAA80}.Debug|x64.Build.0 = Debug|x64
		{FA3B3840-00DE-434D-A0DB-A283B45DAA80}.Debug|x86.ActiveCfg = Debug|Win32
		{FA3B3840-00DE-434D-A0DB-A283B45DAA80}.Debug|x86.Build.0 = Debug|Win32
		{FA3B3840-00DE-434D-A0DB-A283B45DAA80}.Release|x64.ActiveCfg = Release|x64
		{FA3B3840-00DE-434D-A0DB-A283B45DAA80}.Release|x64.Build.0 = Release|x64
		{FA3B3840-00DE-434D-A0DB-A283B45DAA80}.Release|x86.ActiveCfg = Release|Win32
		{FA3B3840-00DE-434D-A0DB-A283B45DAA80}.Release|x86.Build.0 = Release|Win32
		{D34CE96E-D0D3-49FC-9942-047725025D90}.Debug|x64.ActiveCfg = Debug|x64
		{D34CE96E-D0D3-49FC-9942-047725025D90}.Debug|x64.Build.0 = Debug|x64
		{D34CE96E-D0D3-49FC-9942-047725025D90}.Debug|x86.ActiveCfg = Debug|Win32
		{D34CE96E-D0D3-49FC-9942-047725025D90}.Debug|x86.Build.0 = Debug|Win32
		{D34CE96E-D0D3-49FC-9942-047725025D90}.Release|x64.ActiveCfg = Release|x64
		{D34CE96E-D0D3-49FC-9942-047725025D90}.Release|x64.Build.0 = Release|x64
		{D34CE96E-D0D3-49FC-9942-047725025D90}.Release|x86.ActiveCfg = Release|Win32
		{D34CE96E-D0D3-49FC-9942-047725025D90}.Release|x86.Build.0 = Release|Win32
		{908BCA0B-D6BC-4D15-8318-08C668FB96BF}.Debug|x64.ActiveCfg = Debug|x64
		{908BCA0B-D6BC-4D15-8318-08C668FB96BF}.Debug|x64.Build.0 = Debug|x64
		{908BCA0B-D6BC-4D15-8318-08C668FB96BF}.Debug|x86.ActiveCfg = Debug|Win32
		{908BCA0B-D6BC-4D15-8318-08C668FB96BF}.Debug|x86.Build.0 = Debug|Win32
		{908BCA0B-D6BC-4D15-8318-08C668FB96BF}.Release|x64.ActiveCfg = Release|x64
		{908BCA0B-D6BC-4D15-8318-08C668FB96BF}.Release|x64.Build.0 = Release|x64
		{908BCA0B-D6BC-4D15-8318-08C668FB96BF}.Release|x86.ActiveCfg = Release|Win32
		{908BCA0B-D6BC-4D15-8318-08C668FB96BF}.Release|x86.Build.0 = Release|Win32
		{1318C813-C404-4671-878F-83AD161CE502}.Debug|x64.ActiveCfg = Debug|x64
		{1318C813-C404-4671-878F-83AD161CE502}.Debug|x64.Build.0 = Debug|x64
		{1318C813-C404-4671-878F-83AD161CE502}.Debug|x86.ActiveCfg = Debug|Win32
		{1318C813-C404-4671-878F-83AD161CE502}.Debug|x86.Build.0 = Debug|Win32
		{1318C813-C404-4671-878F-83AD161CE502}.Release|x64.ActiveCfg = Release|x64
		{1318C813-C404-4671-878F-83AD161CE502}.Release|x64.Build.0 = Release|x64
		{1318C813-C404-4671-878F-83AD161CE502}.Release|x86.ActiveCfg = Release|Win32
		{1318C813-C404-4671-878F-83AD161CE502}.Release|x86.Build.0 = Release|Win32
		{8EBEE369-E002-4313-84F7-DD22F7AC15C9}.Debug|x64.ActiveCfg = Debug|x64
		{8EBEE369-E002-4313-84F7-DD22F7AC15C9}.Debug|x64.Build.0 = Debug|x64
		{8EBEE369-E002-4313-84F7-DD22F7AC15C9}.Debug|x86.ActiveCfg = Debug|Win32
		{8EBEE369-E002-4313-84F7-DD22F7AC15C9}.Debug|x86.Build.0 = Debug|Win32
		{8EBEE369-E002-4313-84F7-DD22F7AC15C9}.Release|x64.ActiveCfg = Release|x64
		{8EBEE369-E002-4313-84F7-DD22F7AC15C9}.Release|x64.Build.0 = Release|x64
		{8EBEE369-E002-4313-84F7-DD22F7AC15C9}.Release|x86.ActiveCfg = Release|Win32
		{8EBEE369-E002-4313-84F7-DD22F7AC15C9}.Release|x86.Build.0 = Release|Win32
		{AE3D616B-B62B-4325-B20A-B21280021EFF}.Debug|x64.ActiveCfg = Debug|x64
		{AE3D616B-B62B-4325-B20A-B21280021EFF}.Debug|x64.Build.0 = Debug|x64
		{AE3D616B-B62B-4325-B20A-B21280021EFF}.Debug|x86.ActiveCfg = Debug|Win32
		{AE3D616B-B62B-4325-B20A-B21280021EFF}.Debug|x86.Build.0 = Debug|Win32
		{AE3D616B-B62B-4325-B20A-B21280021EFF}.Release|x64.ActiveCfg = Release|x64
		{AE3D616B-B62B-4325-B20A-B21280021EFF}.Release|x64.Build.0 = Release|x64
		{AE3D616B-B62B-4325-B20A-B21280021EFF}.Release|x86.ActiveCfg = Release|Win32
		{AE3D616B-B62B-4325-B20A-B21280021EFF}.Release|x86.Build.0 = Release|Win32
		{64522BBA-81D9-4EAF-8064-07439C6478D1}.Debug|x64.ActiveCfg = Debug|x64
		{64522BBA-81D9-4EAF-8064-07439C6478D1}.Debug|x64.Build.0 = Debug|x64
		{64522BBA-81D9-4EAF-8064-07439C6478D1}.Debug|x86.ActiveCfg = Debug|Win32
		{64522BBA-81D9-4EAF-8064-07439C6478D1}.Debug|x86.Build.0 = Debug|Win32
		{64522BBA-81D9-4EAF-8064-07439C6478D1}.Release|x64.ActiveCfg = Release|x64
		{64522BBA-81D9-4EAF-8064-07439C6478D1}.Release|x64.Build.0 = Release|x64
		{64522BBA-81D9-4EAF-8064-07439C6478D1}.Release|x86.ActiveCfg = Release|Win32
		{64522BBA-81D9-4EAF-8064-07439C6478D1}.Release|x86.Build.0 = Release|Win32
		{E26E67E1-2D22-48D9-87C2-4D2078A5ACBC}.Debug|x64.ActiveCfg = Debug|x64
		{E26E67E1-2D22-48D9-87C2-4D2078A5ACBC}.Debug|x64.Build.0 = Debug|x64
		{E26E67E1-2D22-48D9-87C2-4D2078A5ACBC}.Debug|x86.ActiveCfg = Debug|Win32
		{E26E67E1-2D22-48D9-87C2-4D2078A5ACBC}.Debug|x86.Build.0 = Debug|Win32
		{E26E67E1-2D22-48D9-87C2-4D2078A5ACBC}.Release|x64.ActiveCfg = Release|x64
		{E26E67E1-2D22-48D9-87C2-4D2078A5ACBC}.Release|x64.Build.0 = Release|x64
		{E26E67E1-2D22-48D9-87C2-4D2078A5ACBC}.Release|x86.ActiveCfg = Release|Win32
		{E26E67E1-2D22-48D9-87C2-4D2078A5ACBC}.Release|x86.Build.0 = Release|Win32
		{108717FF-BCD3-4784-99CB-BD65F1225DF8}.Debug|x64.ActiveCfg = Debug|x64
		{108717FF-BCD3-4784-99CB-BD65F1225DF8}.Debug|x64.Build.0 = Debug|x64
		{108717FF-BCD3-4784-99CB-BD65F1225DF8}.Debug|x86.ActiveCfg = Debug|Win32
		{108717FF-BCD3-4784-99CB-BD65F1225DF8}.Debug|x86.Build.0 = Debug|Win32
		{108717FF-BCD3-4784-99CB-BD65F1225DF8}.Release|x64.ActiveCfg = Release|x64
		{108717FF-BCD3-4784-99CB-BD65F1225DF8}.Release|x64.Build.0 = Release|x64
		{108717FF-BCD3-4784-99CB-BD65F1225DF8}.Release|x86.ActiveCfg = Release|Win32
		{108717FF-BCD3-4784-99CB-BD65F1225DF8}.Release|x86.Build.0 = Release|Win32
		{DB9161CC-1BDA-43FB-8A00-23E39A1BE07B}.Debug|x64.ActiveCfg = Debug|x64
		{DB9161CC-1BDA-43FB-8A00-23E39A1BE07B}.Debug|x64.Build.0 = Debug|x64
		{DB9161CC-1BDA-43FB-8A00-23E39A1BE07B}.Debug|x86.ActiveCfg = Debug|Win32
		{DB9161CC-1BDA-43FB-8A00-23E39A1BE07B}.Debug|x86.Build.0 = Debug|Win32
		{DB9161CC-1BDA-43FB-8A00-23E39A1BE07B}.Release|x64.ActiveCfg = Release|x64
		{DB9161CC-1BDA-43FB-8A00-23E39A1BE07B}.Release|x64.Build.0 = Release|x64
		{DB9161CC-1BDA-43FB-8A00-23E39A1BE07B}.Release|x86.ActiveCfg = Release|Win32
		{DB9161CC-1BDA-43FB-8A00-23E39A1BE07B}.Release|x86.Build.0 = Release|Win32
		{4D025460-0BBF-48F9-923F-D48017EFDBF8}.Debug|x64.ActiveCfg = Debug|x64
		{4D025460-0BBF-48F9-923F-D48017EFDBF8}.Debug|x64.Build.0 = Debug|x64
		{4D025460-0BBF-48F9-923F-D48017EFDBF8}.Debug|x86.ActiveCfg = Debug|Win32
		{4D025460-0BBF-48F9-923F-D48017EFDBF8}.Debug|x86.Build.0 = Debug|Win32
		{4D025460-0BBF-48F9-923F-D48017EFDBF8}.Release|x64.ActiveCfg = Release|x64
		{4D025460-0BBF-48F9-923F-D48017EFDBF8}.Release|x64.Build.0 = Release|x64
		{4D025460-0BBF-48F9-923F-D48017EFDBF8}.Release|x86.ActiveCfg = Release|Win32
		{4D025460-0BBF-48F9-923F-D48017EFDBF8}.Release|x86.Build.0 = Release|Win32
		{62CDF516-7351-4170-9C2D-FD3E2CD315B0}.Debug|x64.ActiveCfg = Debug|x64
		{62CDF516-7351-4170-9C2D-FD3E2CD315B0}.Debug|x64.Build.0 = Debug|x64
		{62CDF516-7351-4170-9C2D-FD3E2CD315B0}.Debug|x86.ActiveCfg = Debug|Win32
		{62CDF516-7351-4170-9C2D-FD3E2CD315B0}.Debug|x86.Build.0 = Debug|Win32
		{62CDF516-7351-4170-9C2D-FD3E2CD315B0}.Release|x64.ActiveCfg = Release|x64
		{62CDF516-7351-4170-9C2D-FD3E2CD315B0}.Release|x64.Build.0 = Release|x64
		{62CDF516-7351-4170-9C2D-FD3E2CD315B0}.Release|x86.ActiveCfg = Release|Win32
		{62CDF516-7351-4170-9C2D-FD3E2CD315B0}.Release|x86.Build.0 = Release|Win32
		{0530EA70-61E1-41B9-B12F-C606942551AA}.Debug|x64.ActiveCfg = Debug|x64
		{0530EA70-61E1-41B9-B12F-C606942551AA}.Debug|x64.Build.0 = Debug|x64
		{0530EA70-61E1-41B9-B12F-C606942551AA}.Debug|x86.ActiveCfg = Debug|Win32
		{0530EA70-61E1-41B9-B12F-C606942551AA}.Debug|x86.Build.0 = Debug|Win32
		{0530EA70-61E1-41B9-B12F-C606942551AA}.Release|x64.ActiveCfg = Release|x64
		{0530EA70-61E1-41B9-B12F-C606942551AA}.Release|x64.Build.0 = Release|x64
		{0530EA70-61E1-41B9-B12F-C606942551AA}.Release|x86.ActiveCfg = Release|Win32
		{0530EA70-61E1-41B9-B12F-C606942551AA}.Release|x86.Build.0 = Release|Win32
		{223A6373-8D84-4316-BD39-E1DE411914C3}.Debug|x64.ActiveCfg = Debug|x64
		{223A6373-8D84-4316-BD39-E1DE411914C3}.Debug|x64.Build.0 = Debug|x64
		{223A6373-8D84-4316-BD39-E1DE411914C3}.Debug|x86.ActiveCfg = Debug|Win32
		{223A6373-8D84-4316-BD39-E1DE411914C3}.Debug|x86.Build.0 = Debug|Win32
		{223A6373-8D84-4316-BD39-E1DE411914C3}.Release|x64.ActiveCfg = Release|x64
		{223A6373-8D84-4316-BD39-E1DE411914C3}.Release|x64.Build.0 = Release|x64
		{223A6373-8D84-4316-BD39-E1DE411914C3}.Release|x86.ActiveCfg = Release|Win32
		{223A6373-8D84-4316-BD39-E1DE411914C3}.Release|x86.Build.0 = Release|Win32
		{A314AD37-D8DF-4ECE-8FA8-73E7A6EE526E}.Debug|x64.ActiveCfg = Debug|x64
		{A314AD37-D8DF-4ECE-8FA8-73E7A6EE526E}.Debug|x64.Build.0 = Debug|x64
		{A314AD37-D8DF-4ECE-8FA8-73E7A6EE526E}.Debug|x86.ActiveCfg = Debug|Win32
		{A314AD37-D8DF-4ECE-8FA8-73E7A6EE526E}.Debug|x86.Build.0 = Debug|Win32
		{A314AD37-D8DF-4ECE-8FA8-73E7A6EE526E}.Release|x64.ActiveCfg = Release|x64
		{A314AD37-D8DF-4ECE-8FA8-73E7A6EE526E}.Release|x64.Build.0 = Release|x64
		{A314AD37-D8DF-4ECE-8FA8-73E7A6EE526E}.Release|x86.ActiveCfg = Release|Win32
		{A314AD37-D8DF-4ECE-8FA8-73E7A6EE526E}.Release|x86.Build.0 = Release|Win32
		{D495F37C-F4D3-4FC9-A4F2-61F52D209758}.Debug|x64.ActiveCfg = Debug|x64
		{D495F37C-F4D3-4FC9-A4F2-61F52D209758}.Debug|x64.Build.0 = Debug|x64
		{D495F37C-F4D3-4FC9-A4F2-61F52D209758}.Debug|x86.ActiveCfg = Debug|Win32
		{D495F37C-F4D3-4FC9-A4F2-61F52D209758}.Debug|x86.Build.0 = Debug|Win32
		{D495F37C-F4D3-4FC9-A4F2-61F52D209758}.Release|x64.ActiveCfg = Release|x64
		{D495F37C-F4D3-4FC9-A4F2-61F52D209758}.Release|x64.Build.0 = Release|x64
		{D495F37C-F4D3-4FC9-A4F2-61F52D209758}.Release|x86.ActiveCfg = Release|Win32
		{D495F37C-F4D3-4FC9-A4F2-61F52D209758}.Release|x86.Build.0 = Release|Win32
		{49B3D4BC-14A2-4802-B03D-54375B6B4017}.Debug|x64.ActiveCfg = Debug|x64
		{49B3D4BC-14A2-4802-B03D-54375B6B4017}.Debug|x64.Build.0 = Debug|x64
		{49B3D4BC-14A2-4802-B03D-54375B6B4017}.Debug|x86.ActiveCfg = Debug|Win32
		{49B3D4BC-14A2-4802-B03D-54375B6B4017}.Debug|x86.Build.0 = Debug|Win32
		{49B3D4BC-14A2-4802-B03D-54375B6B4017}.Release|x64.ActiveCfg = Release|x64
		{49B3D4BC-14A2-4802-B03D-54375B6B4017}.Release|x64.Build.0 = Release|x64
		{49B3D4BC-14A2-4802-B03D-54375B6B4017}.Release|x86.ActiveCfg = Release|Win32
		{49B3D4BC-14A2-4802-B03D-54375B6B4017}.Release|x86.Build.0 = Release|Win32
		{87DCA735-6674-4199-99BB-4E7096BEEF55}.Debug|x64.ActiveCfg = Debug|x64
		{87DCA735-6674-4199-99BB-4E7096BEEF55}.Debug|x64.Build.0 = Debug|x64
		{87DCA735-6674-4199-99BB-4E7096BEEF55}.Debug|x86.ActiveCfg = Debug|Win32
		{87DCA735-6674-4199-99BB-4E7096BEEF55}.Debug|x86.Build.0 = Debug|Win32
		{87DCA735-6674-4199-99BB-4E7096BEEF55}.Release|x64.ActiveCfg = Release|x64
		{87DCA735-6674-4199-99BB-4E7096BEEF55}.Release|x64.Build.0 = Release|x64
		{87DCA735-6674-4199-99BB-4E7096BEEF55}.Release|x86.ActiveCfg = Release|Win32
		{87DCA735-6674-4199-99BB-4E7096BEEF55}.Release|x86.Build.0 = Release|Win32
		{EBA4A815-59D1-4884-B171-1BFED6F4915C}.Debug|x64.ActiveCfg = Debug|x64
		{EBA4A815-59D1-4884-B171-1BFED6F4915C}.Debug|x64.Build.0 = Debug|x64
		{EBA4A815-59D1-4884-B171-1BFED6F4915C}.Debug|x86.ActiveCfg = Debug|Win32
		{EBA4A815-59D1-4884-B171-1BFED6F4915C}.Debug|x86.Build.0 = Debug|Win32
		{EBA4A815-59D1-4884-B171-1BFED6F4915C}.Release|x64.ActiveCfg = Release|x64
		{EBA4A815-59D1-4884-B171-1BFED6F4915C}.Release|x64.Build.0 = Release|x64
		{EBA4A815-59D1-4884-B171-1BFED6F4915C}.Release|x86.ActiveCfg = Release|Win32
		{EBA4A815-59D1-4884-B171-1BFED6F4915C}.Release|x86.Build.0 = Release|Win32
	EndGlobalSection
	GlobalSection(SolutionProperties) = preSolution
		HideSolutionNode = FALSE
	EndGlobalSection
	GlobalSection(ExtensibilityGlobals) = postSolution
		SolutionGuid = {C38617E6-ACC5-4F49-A419-A27AF2C75B93}
	EndGlobalSection
EndGlobal
