
Microsoft Visual Studio Solution File, Format Version 12.00
# Visual Studio Version 17
VisualStudioVersion = 17.1.32319.34
MinimumVisualStudioVersion = 10.0.40219.1
Project("{8BC9CEB8-8B4A-11D0-8D11-00A0C91BC942}") = "Wyjątki", "CPP 5\CPP 5.vcxproj", "{DD474F3A-3F7D-4751-91F6-E236EB2D2E1A}"
EndProject
Project("{8BC9CEB8-8B4A-11D0-8D11-00A0C91BC942}") = "Zad1", "Zad1\Zad1.vcxproj", "{F3F3345D-16CE-4D82-BF7E-F7E23003306E}"
EndProject
Project("{8BC9CEB8-8B4A-11D0-8D11-00A0C91BC942}") = "PositiveNumber", "Zad2\Zad2.vcxproj", "{A081FDB7-0A36-48ED-83DD-E1FAFF81F15A}"
EndProject
Project("{8BC9CEB8-8B4A-11D0-8D11-00A0C91BC942}") = "Zad2", "Zad3\Zad3.vcxproj", "{796B4347-EBD6-4473-9E05-CD84E1BC9A7F}"
EndProject
Project("{8BC9CEB8-8B4A-11D0-8D11-00A0C91BC942}") = "Zad3", "Zad4\Zad4.vcxproj", "{57313250-17B1-484B-8CF9-BD82766AF1EE}"
EndProject
Project("{8BC9CEB8-8B4A-11D0-8D11-00A0C91BC942}") = "szablony", "szablony\szablony.vcxproj", "{D2AC5E8F-6381-4245-824E-D14031E52CF2}"
EndProject
Project("{8BC9CEB8-8B4A-11D0-8D11-00A0C91BC942}") = "szablony.zad1", "szablony.zad1\szablony.zad1.vcxproj", "{E6785030-5FD1-411B-A568-E9D201B719C4}"
EndProject
Project("{8BC9CEB8-8B4A-11D0-8D11-00A0C91BC942}") = "templates.zad4", "templates.zad4\templates.zad4.vcxproj", "{39FA736F-C6E4-45BD-85C6-7DFE04D3989E}"
EndProject
Project("{8BC9CEB8-8B4A-11D0-8D11-00A0C91BC942}") = "SmartPointer", "SmartPointer\SmartPointer.vcxproj", "{8F9E144D-586C-4474-941B-299554D8CBC7}"
EndProject
Project("{8BC9CEB8-8B4A-11D0-8D11-00A0C91BC942}") = "unique_ptr.Zad1", "uniqe_ptr.Zad1\uniqe_ptr.Zad1.vcxproj", "{C2CD470B-60DC-4DFC-82E6-84B01E4A12DE}"
EndProject
Project("{8BC9CEB8-8B4A-11D0-8D11-00A0C91BC942}") = "unique_ptr.Zad2", "uniqe_ptr.Zad2\uniqe_ptr.Zad2.vcxproj", "{A8792B78-DECF-4AAD-AB8A-EBFCBFDED250}"
EndProject
Project("{8BC9CEB8-8B4A-11D0-8D11-00A0C91BC942}") = "unique_ptr.Zad3", "unique_ptr.Zad3\unique_ptr.Zad3.vcxproj", "{3A0172F9-B4B8-4335-BCD4-447DC6EBC52F}"
EndProject
Project("{8BC9CEB8-8B4A-11D0-8D11-00A0C91BC942}") = "Funktor", "Funktor\Funktor.vcxproj", "{819D60D5-F2E1-4813-B725-96B3D4917C9E}"
EndProject
Project("{8BC9CEB8-8B4A-11D0-8D11-00A0C91BC942}") = "kontenery.Zad1", "kontenery.Zad1\kontenery.Zad1.vcxproj", "{F7FDD895-93BE-4D59-9D04-0718B44745B0}"
EndProject
Project("{8BC9CEB8-8B4A-11D0-8D11-00A0C91BC942}") = "kontenery.Zad2", "kontenery.Zad2\kontenery.Zad2.vcxproj", "{F02375F3-5BBC-421E-B7CF-B227010BC2AC}"
EndProject
Project("{8BC9CEB8-8B4A-11D0-8D11-00A0C91BC942}") = "kontenery.Zad6", "kontenery.Zad6\kontenery.Zad6.vcxproj", "{8C0CC5FD-2ADD-4720-8EB9-9A744680F582}"
EndProject
Project("{8BC9CEB8-8B4A-11D0-8D11-00A0C91BC942}") = "kontenery.Zad5", "kontenery.Zad5\kontenery.Zad5.vcxproj", "{71A2D057-B2D9-4EA2-ADE7-37F69D41BD9D}"
EndProject
Project("{8BC9CEB8-8B4A-11D0-8D11-00A0C91BC942}") = "Container.Zad3", "Container.Zad3\Container.Zad3.vcxproj", "{6DE30EBC-C03B-4F9F-9069-10BB6C7FE7EB}"
EndProject
Project("{8BC9CEB8-8B4A-11D0-8D11-00A0C91BC942}") = "algorytmy.Zad0.1", "algorytmy.Zad0.1\algorytmy.Zad0.1.vcxproj", "{A33D9278-7822-4347-96CE-5DC54808F0A8}"
EndProject
Project("{8BC9CEB8-8B4A-11D0-8D11-00A0C91BC942}") = "algorytmy.Zad0.2", "algorytmy.Zad0.2\algorytmy.Zad0.2.vcxproj", "{82C9A33C-5077-4173-ADE3-B7EEE376C41B}"
EndProject
Project("{8BC9CEB8-8B4A-11D0-8D11-00A0C91BC942}") = "Regex", "Regex\Regex.vcxproj", "{864C512D-1705-4C42-BC96-D1EBA8209EED}"
EndProject
Project("{8BC9CEB8-8B4A-11D0-8D11-00A0C91BC942}") = "Random", "Random\Random.vcxproj", "{1D807471-F232-4FDE-8BFF-4320FA0EE552}"
EndProject
Project("{8BC9CEB8-8B4A-11D0-8D11-00A0C91BC942}") = "Random.Zad1", "Random.Zad1\Random.Zad1.vcxproj", "{7D1A9DCB-84AE-4474-8FC2-7473FA8862F1}"
EndProject
Project("{8BC9CEB8-8B4A-11D0-8D11-00A0C91BC942}") = "Pliki", "Pliki\Pliki.vcxproj", "{636B951B-D741-4838-A75C-F71FE0D384C8}"
EndProject
Project("{8BC9CEB8-8B4A-11D0-8D11-00A0C91BC942}") = "File", "File\File.vcxproj", "{4D0C0622-BCAA-411E-9787-264082381977}"
EndProject
Global
	GlobalSection(SolutionConfigurationPlatforms) = preSolution
		Debug|x64 = Debug|x64
		Debug|x86 = Debug|x86
		Release|x64 = Release|x64
		Release|x86 = Release|x86
	EndGlobalSection
	GlobalSection(ProjectConfigurationPlatforms) = postSolution
		{DD474F3A-3F7D-4751-91F6-E236EB2D2E1A}.Debug|x64.ActiveCfg = Debug|x64
		{DD474F3A-3F7D-4751-91F6-E236EB2D2E1A}.Debug|x64.Build.0 = Debug|x64
		{DD474F3A-3F7D-4751-91F6-E236EB2D2E1A}.Debug|x86.ActiveCfg = Debug|Win32
		{DD474F3A-3F7D-4751-91F6-E236EB2D2E1A}.Debug|x86.Build.0 = Debug|Win32
		{DD474F3A-3F7D-4751-91F6-E236EB2D2E1A}.Release|x64.ActiveCfg = Release|x64
		{DD474F3A-3F7D-4751-91F6-E236EB2D2E1A}.Release|x64.Build.0 = Release|x64
		{DD474F3A-3F7D-4751-91F6-E236EB2D2E1A}.Release|x86.ActiveCfg = Release|Win32
		{DD474F3A-3F7D-4751-91F6-E236EB2D2E1A}.Release|x86.Build.0 = Release|Win32
		{F3F3345D-16CE-4D82-BF7E-F7E23003306E}.Debug|x64.ActiveCfg = Debug|x64
		{F3F3345D-16CE-4D82-BF7E-F7E23003306E}.Debug|x64.Build.0 = Debug|x64
		{F3F3345D-16CE-4D82-BF7E-F7E23003306E}.Debug|x86.ActiveCfg = Debug|Win32
		{F3F3345D-16CE-4D82-BF7E-F7E23003306E}.Debug|x86.Build.0 = Debug|Win32
		{F3F3345D-16CE-4D82-BF7E-F7E23003306E}.Release|x64.ActiveCfg = Release|x64
		{F3F3345D-16CE-4D82-BF7E-F7E23003306E}.Release|x64.Build.0 = Release|x64
		{F3F3345D-16CE-4D82-BF7E-F7E23003306E}.Release|x86.ActiveCfg = Release|Win32
		{F3F3345D-16CE-4D82-BF7E-F7E23003306E}.Release|x86.Build.0 = Release|Win32
		{A081FDB7-0A36-48ED-83DD-E1FAFF81F15A}.Debug|x64.ActiveCfg = Debug|x64
		{A081FDB7-0A36-48ED-83DD-E1FAFF81F15A}.Debug|x64.Build.0 = Debug|x64
		{A081FDB7-0A36-48ED-83DD-E1FAFF81F15A}.Debug|x86.ActiveCfg = Debug|Win32
		{A081FDB7-0A36-48ED-83DD-E1FAFF81F15A}.Debug|x86.Build.0 = Debug|Win32
		{A081FDB7-0A36-48ED-83DD-E1FAFF81F15A}.Release|x64.ActiveCfg = Release|x64
		{A081FDB7-0A36-48ED-83DD-E1FAFF81F15A}.Release|x64.Build.0 = Release|x64
		{A081FDB7-0A36-48ED-83DD-E1FAFF81F15A}.Release|x86.ActiveCfg = Release|Win32
		{A081FDB7-0A36-48ED-83DD-E1FAFF81F15A}.Release|x86.Build.0 = Release|Win32
		{796B4347-EBD6-4473-9E05-CD84E1BC9A7F}.Debug|x64.ActiveCfg = Debug|x64
		{796B4347-EBD6-4473-9E05-CD84E1BC9A7F}.Debug|x64.Build.0 = Debug|x64
		{796B4347-EBD6-4473-9E05-CD84E1BC9A7F}.Debug|x86.ActiveCfg = Debug|Win32
		{796B4347-EBD6-4473-9E05-CD84E1BC9A7F}.Debug|x86.Build.0 = Debug|Win32
		{796B4347-EBD6-4473-9E05-CD84E1BC9A7F}.Release|x64.ActiveCfg = Release|x64
		{796B4347-EBD6-4473-9E05-CD84E1BC9A7F}.Release|x64.Build.0 = Release|x64
		{796B4347-EBD6-4473-9E05-CD84E1BC9A7F}.Release|x86.ActiveCfg = Release|Win32
		{796B4347-EBD6-4473-9E05-CD84E1BC9A7F}.Release|x86.Build.0 = Release|Win32
		{57313250-17B1-484B-8CF9-BD82766AF1EE}.Debug|x64.ActiveCfg = Debug|x64
		{57313250-17B1-484B-8CF9-BD82766AF1EE}.Debug|x64.Build.0 = Debug|x64
		{57313250-17B1-484B-8CF9-BD82766AF1EE}.Debug|x86.ActiveCfg = Debug|Win32
		{57313250-17B1-484B-8CF9-BD82766AF1EE}.Debug|x86.Build.0 = Debug|Win32
		{57313250-17B1-484B-8CF9-BD82766AF1EE}.Release|x64.ActiveCfg = Release|x64
		{57313250-17B1-484B-8CF9-BD82766AF1EE}.Release|x64.Build.0 = Release|x64
		{57313250-17B1-484B-8CF9-BD82766AF1EE}.Release|x86.ActiveCfg = Release|Win32
		{57313250-17B1-484B-8CF9-BD82766AF1EE}.Release|x86.Build.0 = Release|Win32
		{D2AC5E8F-6381-4245-824E-D14031E52CF2}.Debug|x64.ActiveCfg = Debug|x64
		{D2AC5E8F-6381-4245-824E-D14031E52CF2}.Debug|x64.Build.0 = Debug|x64
		{D2AC5E8F-6381-4245-824E-D14031E52CF2}.Debug|x86.ActiveCfg = Debug|Win32
		{D2AC5E8F-6381-4245-824E-D14031E52CF2}.Debug|x86.Build.0 = Debug|Win32
		{D2AC5E8F-6381-4245-824E-D14031E52CF2}.Release|x64.ActiveCfg = Release|x64
		{D2AC5E8F-6381-4245-824E-D14031E52CF2}.Release|x64.Build.0 = Release|x64
		{D2AC5E8F-6381-4245-824E-D14031E52CF2}.Release|x86.ActiveCfg = Release|Win32
		{D2AC5E8F-6381-4245-824E-D14031E52CF2}.Release|x86.Build.0 = Release|Win32
		{E6785030-5FD1-411B-A568-E9D201B719C4}.Debug|x64.ActiveCfg = Debug|x64
		{E6785030-5FD1-411B-A568-E9D201B719C4}.Debug|x64.Build.0 = Debug|x64
		{E6785030-5FD1-411B-A568-E9D201B719C4}.Debug|x86.ActiveCfg = Debug|Win32
		{E6785030-5FD1-411B-A568-E9D201B719C4}.Debug|x86.Build.0 = Debug|Win32
		{E6785030-5FD1-411B-A568-E9D201B719C4}.Release|x64.ActiveCfg = Release|x64
		{E6785030-5FD1-411B-A568-E9D201B719C4}.Release|x64.Build.0 = Release|x64
		{E6785030-5FD1-411B-A568-E9D201B719C4}.Release|x86.ActiveCfg = Release|Win32
		{E6785030-5FD1-411B-A568-E9D201B719C4}.Release|x86.Build.0 = Release|Win32
		{39FA736F-C6E4-45BD-85C6-7DFE04D3989E}.Debug|x64.ActiveCfg = Debug|x64
		{39FA736F-C6E4-45BD-85C6-7DFE04D3989E}.Debug|x64.Build.0 = Debug|x64
		{39FA736F-C6E4-45BD-85C6-7DFE04D3989E}.Debug|x86.ActiveCfg = Debug|Win32
		{39FA736F-C6E4-45BD-85C6-7DFE04D3989E}.Debug|x86.Build.0 = Debug|Win32
		{39FA736F-C6E4-45BD-85C6-7DFE04D3989E}.Release|x64.ActiveCfg = Release|x64
		{39FA736F-C6E4-45BD-85C6-7DFE04D3989E}.Release|x64.Build.0 = Release|x64
		{39FA736F-C6E4-45BD-85C6-7DFE04D3989E}.Release|x86.ActiveCfg = Release|Win32
		{39FA736F-C6E4-45BD-85C6-7DFE04D3989E}.Release|x86.Build.0 = Release|Win32
		{8F9E144D-586C-4474-941B-299554D8CBC7}.Debug|x64.ActiveCfg = Debug|x64
		{8F9E144D-586C-4474-941B-299554D8CBC7}.Debug|x64.Build.0 = Debug|x64
		{8F9E144D-586C-4474-941B-299554D8CBC7}.Debug|x86.ActiveCfg = Debug|Win32
		{8F9E144D-586C-4474-941B-299554D8CBC7}.Debug|x86.Build.0 = Debug|Win32
		{8F9E144D-586C-4474-941B-299554D8CBC7}.Release|x64.ActiveCfg = Release|x64
		{8F9E144D-586C-4474-941B-299554D8CBC7}.Release|x64.Build.0 = Release|x64
		{8F9E144D-586C-4474-941B-299554D8CBC7}.Release|x86.ActiveCfg = Release|Win32
		{8F9E144D-586C-4474-941B-299554D8CBC7}.Release|x86.Build.0 = Release|Win32
		{C2CD470B-60DC-4DFC-82E6-84B01E4A12DE}.Debug|x64.ActiveCfg = Debug|x64
		{C2CD470B-60DC-4DFC-82E6-84B01E4A12DE}.Debug|x64.Build.0 = Debug|x64
		{C2CD470B-60DC-4DFC-82E6-84B01E4A12DE}.Debug|x86.ActiveCfg = Debug|Win32
		{C2CD470B-60DC-4DFC-82E6-84B01E4A12DE}.Debug|x86.Build.0 = Debug|Win32
		{C2CD470B-60DC-4DFC-82E6-84B01E4A12DE}.Release|x64.ActiveCfg = Release|x64
		{C2CD470B-60DC-4DFC-82E6-84B01E4A12DE}.Release|x64.Build.0 = Release|x64
		{C2CD470B-60DC-4DFC-82E6-84B01E4A12DE}.Release|x86.ActiveCfg = Release|Win32
		{C2CD470B-60DC-4DFC-82E6-84B01E4A12DE}.Release|x86.Build.0 = Release|Win32
		{A8792B78-DECF-4AAD-AB8A-EBFCBFDED250}.Debug|x64.ActiveCfg = Debug|x64
		{A8792B78-DECF-4AAD-AB8A-EBFCBFDED250}.Debug|x64.Build.0 = Debug|x64
		{A8792B78-DECF-4AAD-AB8A-EBFCBFDED250}.Debug|x86.ActiveCfg = Debug|Win32
		{A8792B78-DECF-4AAD-AB8A-EBFCBFDED250}.Debug|x86.Build.0 = Debug|Win32
		{A8792B78-DECF-4AAD-AB8A-EBFCBFDED250}.Release|x64.ActiveCfg = Release|x64
		{A8792B78-DECF-4AAD-AB8A-EBFCBFDED250}.Release|x64.Build.0 = Release|x64
		{A8792B78-DECF-4AAD-AB8A-EBFCBFDED250}.Release|x86.ActiveCfg = Release|Win32
		{A8792B78-DECF-4AAD-AB8A-EBFCBFDED250}.Release|x86.Build.0 = Release|Win32
		{3A0172F9-B4B8-4335-BCD4-447DC6EBC52F}.Debug|x64.ActiveCfg = Debug|x64
		{3A0172F9-B4B8-4335-BCD4-447DC6EBC52F}.Debug|x64.Build.0 = Debug|x64
		{3A0172F9-B4B8-4335-BCD4-447DC6EBC52F}.Debug|x86.ActiveCfg = Debug|Win32
		{3A0172F9-B4B8-4335-BCD4-447DC6EBC52F}.Debug|x86.Build.0 = Debug|Win32
		{3A0172F9-B4B8-4335-BCD4-447DC6EBC52F}.Release|x64.ActiveCfg = Release|x64
		{3A0172F9-B4B8-4335-BCD4-447DC6EBC52F}.Release|x64.Build.0 = Release|x64
		{3A0172F9-B4B8-4335-BCD4-447DC6EBC52F}.Release|x86.ActiveCfg = Release|Win32
		{3A0172F9-B4B8-4335-BCD4-447DC6EBC52F}.Release|x86.Build.0 = Release|Win32
		{819D60D5-F2E1-4813-B725-96B3D4917C9E}.Debug|x64.ActiveCfg = Debug|x64
		{819D60D5-F2E1-4813-B725-96B3D4917C9E}.Debug|x64.Build.0 = Debug|x64
		{819D60D5-F2E1-4813-B725-96B3D4917C9E}.Debug|x86.ActiveCfg = Debug|Win32
		{819D60D5-F2E1-4813-B725-96B3D4917C9E}.Debug|x86.Build.0 = Debug|Win32
		{819D60D5-F2E1-4813-B725-96B3D4917C9E}.Release|x64.ActiveCfg = Release|x64
		{819D60D5-F2E1-4813-B725-96B3D4917C9E}.Release|x64.Build.0 = Release|x64
		{819D60D5-F2E1-4813-B725-96B3D4917C9E}.Release|x86.ActiveCfg = Release|Win32
		{819D60D5-F2E1-4813-B725-96B3D4917C9E}.Release|x86.Build.0 = Release|Win32
		{F7FDD895-93BE-4D59-9D04-0718B44745B0}.Debug|x64.ActiveCfg = Debug|x64
		{F7FDD895-93BE-4D59-9D04-0718B44745B0}.Debug|x64.Build.0 = Debug|x64
		{F7FDD895-93BE-4D59-9D04-0718B44745B0}.Debug|x86.ActiveCfg = Debug|Win32
		{F7FDD895-93BE-4D59-9D04-0718B44745B0}.Debug|x86.Build.0 = Debug|Win32
		{F7FDD895-93BE-4D59-9D04-0718B44745B0}.Release|x64.ActiveCfg = Release|x64
		{F7FDD895-93BE-4D59-9D04-0718B44745B0}.Release|x64.Build.0 = Release|x64
		{F7FDD895-93BE-4D59-9D04-0718B44745B0}.Release|x86.ActiveCfg = Release|Win32
		{F7FDD895-93BE-4D59-9D04-0718B44745B0}.Release|x86.Build.0 = Release|Win32
		{F02375F3-5BBC-421E-B7CF-B227010BC2AC}.Debug|x64.ActiveCfg = Debug|x64
		{F02375F3-5BBC-421E-B7CF-B227010BC2AC}.Debug|x64.Build.0 = Debug|x64
		{F02375F3-5BBC-421E-B7CF-B227010BC2AC}.Debug|x86.ActiveCfg = Debug|Win32
		{F02375F3-5BBC-421E-B7CF-B227010BC2AC}.Debug|x86.Build.0 = Debug|Win32
		{F02375F3-5BBC-421E-B7CF-B227010BC2AC}.Release|x64.ActiveCfg = Release|x64
		{F02375F3-5BBC-421E-B7CF-B227010BC2AC}.Release|x64.Build.0 = Release|x64
		{F02375F3-5BBC-421E-B7CF-B227010BC2AC}.Release|x86.ActiveCfg = Release|Win32
		{F02375F3-5BBC-421E-B7CF-B227010BC2AC}.Release|x86.Build.0 = Release|Win32
		{8C0CC5FD-2ADD-4720-8EB9-9A744680F582}.Debug|x64.ActiveCfg = Debug|x64
		{8C0CC5FD-2ADD-4720-8EB9-9A744680F582}.Debug|x64.Build.0 = Debug|x64
		{8C0CC5FD-2ADD-4720-8EB9-9A744680F582}.Debug|x86.ActiveCfg = Debug|Win32
		{8C0CC5FD-2ADD-4720-8EB9-9A744680F582}.Debug|x86.Build.0 = Debug|Win32
		{8C0CC5FD-2ADD-4720-8EB9-9A744680F582}.Release|x64.ActiveCfg = Release|x64
		{8C0CC5FD-2ADD-4720-8EB9-9A744680F582}.Release|x64.Build.0 = Release|x64
		{8C0CC5FD-2ADD-4720-8EB9-9A744680F582}.Release|x86.ActiveCfg = Release|Win32
		{8C0CC5FD-2ADD-4720-8EB9-9A744680F582}.Release|x86.Build.0 = Release|Win32
		{71A2D057-B2D9-4EA2-ADE7-37F69D41BD9D}.Debug|x64.ActiveCfg = Debug|x64
		{71A2D057-B2D9-4EA2-ADE7-37F69D41BD9D}.Debug|x64.Build.0 = Debug|x64
		{71A2D057-B2D9-4EA2-ADE7-37F69D41BD9D}.Debug|x86.ActiveCfg = Debug|Win32
		{71A2D057-B2D9-4EA2-ADE7-37F69D41BD9D}.Debug|x86.Build.0 = Debug|Win32
		{71A2D057-B2D9-4EA2-ADE7-37F69D41BD9D}.Release|x64.ActiveCfg = Release|x64
		{71A2D057-B2D9-4EA2-ADE7-37F69D41BD9D}.Release|x64.Build.0 = Release|x64
		{71A2D057-B2D9-4EA2-ADE7-37F69D41BD9D}.Release|x86.ActiveCfg = Release|Win32
		{71A2D057-B2D9-4EA2-ADE7-37F69D41BD9D}.Release|x86.Build.0 = Release|Win32
		{6DE30EBC-C03B-4F9F-9069-10BB6C7FE7EB}.Debug|x64.ActiveCfg = Debug|x64
		{6DE30EBC-C03B-4F9F-9069-10BB6C7FE7EB}.Debug|x64.Build.0 = Debug|x64
		{6DE30EBC-C03B-4F9F-9069-10BB6C7FE7EB}.Debug|x86.ActiveCfg = Debug|Win32
		{6DE30EBC-C03B-4F9F-9069-10BB6C7FE7EB}.Debug|x86.Build.0 = Debug|Win32
		{6DE30EBC-C03B-4F9F-9069-10BB6C7FE7EB}.Release|x64.ActiveCfg = Release|x64
		{6DE30EBC-C03B-4F9F-9069-10BB6C7FE7EB}.Release|x64.Build.0 = Release|x64
		{6DE30EBC-C03B-4F9F-9069-10BB6C7FE7EB}.Release|x86.ActiveCfg = Release|Win32
		{6DE30EBC-C03B-4F9F-9069-10BB6C7FE7EB}.Release|x86.Build.0 = Release|Win32
		{A33D9278-7822-4347-96CE-5DC54808F0A8}.Debug|x64.ActiveCfg = Debug|x64
		{A33D9278-7822-4347-96CE-5DC54808F0A8}.Debug|x64.Build.0 = Debug|x64
		{A33D9278-7822-4347-96CE-5DC54808F0A8}.Debug|x86.ActiveCfg = Debug|Win32
		{A33D9278-7822-4347-96CE-5DC54808F0A8}.Debug|x86.Build.0 = Debug|Win32
		{A33D9278-7822-4347-96CE-5DC54808F0A8}.Release|x64.ActiveCfg = Release|x64
		{A33D9278-7822-4347-96CE-5DC54808F0A8}.Release|x64.Build.0 = Release|x64
		{A33D9278-7822-4347-96CE-5DC54808F0A8}.Release|x86.ActiveCfg = Release|Win32
		{A33D9278-7822-4347-96CE-5DC54808F0A8}.Release|x86.Build.0 = Release|Win32
		{82C9A33C-5077-4173-ADE3-B7EEE376C41B}.Debug|x64.ActiveCfg = Debug|x64
		{82C9A33C-5077-4173-ADE3-B7EEE376C41B}.Debug|x64.Build.0 = Debug|x64
		{82C9A33C-5077-4173-ADE3-B7EEE376C41B}.Debug|x86.ActiveCfg = Debug|Win32
		{82C9A33C-5077-4173-ADE3-B7EEE376C41B}.Debug|x86.Build.0 = Debug|Win32
		{82C9A33C-5077-4173-ADE3-B7EEE376C41B}.Release|x64.ActiveCfg = Release|x64
		{82C9A33C-5077-4173-ADE3-B7EEE376C41B}.Release|x64.Build.0 = Release|x64
		{82C9A33C-5077-4173-ADE3-B7EEE376C41B}.Release|x86.ActiveCfg = Release|Win32
		{82C9A33C-5077-4173-ADE3-B7EEE376C41B}.Release|x86.Build.0 = Release|Win32
		{864C512D-1705-4C42-BC96-D1EBA8209EED}.Debug|x64.ActiveCfg = Debug|x64
		{864C512D-1705-4C42-BC96-D1EBA8209EED}.Debug|x64.Build.0 = Debug|x64
		{864C512D-1705-4C42-BC96-D1EBA8209EED}.Debug|x86.ActiveCfg = Debug|Win32
		{864C512D-1705-4C42-BC96-D1EBA8209EED}.Debug|x86.Build.0 = Debug|Win32
		{864C512D-1705-4C42-BC96-D1EBA8209EED}.Release|x64.ActiveCfg = Release|x64
		{864C512D-1705-4C42-BC96-D1EBA8209EED}.Release|x64.Build.0 = Release|x64
		{864C512D-1705-4C42-BC96-D1EBA8209EED}.Release|x86.ActiveCfg = Release|Win32
		{864C512D-1705-4C42-BC96-D1EBA8209EED}.Release|x86.Build.0 = Release|Win32
		{1D807471-F232-4FDE-8BFF-4320FA0EE552}.Debug|x64.ActiveCfg = Debug|x64
		{1D807471-F232-4FDE-8BFF-4320FA0EE552}.Debug|x64.Build.0 = Debug|x64
		{1D807471-F232-4FDE-8BFF-4320FA0EE552}.Debug|x86.ActiveCfg = Debug|Win32
		{1D807471-F232-4FDE-8BFF-4320FA0EE552}.Debug|x86.Build.0 = Debug|Win32
		{1D807471-F232-4FDE-8BFF-4320FA0EE552}.Release|x64.ActiveCfg = Release|x64
		{1D807471-F232-4FDE-8BFF-4320FA0EE552}.Release|x64.Build.0 = Release|x64
		{1D807471-F232-4FDE-8BFF-4320FA0EE552}.Release|x86.ActiveCfg = Release|Win32
		{1D807471-F232-4FDE-8BFF-4320FA0EE552}.Release|x86.Build.0 = Release|Win32
		{7D1A9DCB-84AE-4474-8FC2-7473FA8862F1}.Debug|x64.ActiveCfg = Debug|x64
		{7D1A9DCB-84AE-4474-8FC2-7473FA8862F1}.Debug|x64.Build.0 = Debug|x64
		{7D1A9DCB-84AE-4474-8FC2-7473FA8862F1}.Debug|x86.ActiveCfg = Debug|Win32
		{7D1A9DCB-84AE-4474-8FC2-7473FA8862F1}.Debug|x86.Build.0 = Debug|Win32
		{7D1A9DCB-84AE-4474-8FC2-7473FA8862F1}.Release|x64.ActiveCfg = Release|x64
		{7D1A9DCB-84AE-4474-8FC2-7473FA8862F1}.Release|x64.Build.0 = Release|x64
		{7D1A9DCB-84AE-4474-8FC2-7473FA8862F1}.Release|x86.ActiveCfg = Release|Win32
		{7D1A9DCB-84AE-4474-8FC2-7473FA8862F1}.Release|x86.Build.0 = Release|Win32
		{636B951B-D741-4838-A75C-F71FE0D384C8}.Debug|x64.ActiveCfg = Debug|x64
		{636B951B-D741-4838-A75C-F71FE0D384C8}.Debug|x64.Build.0 = Debug|x64
		{636B951B-D741-4838-A75C-F71FE0D384C8}.Debug|x86.ActiveCfg = Debug|Win32
		{636B951B-D741-4838-A75C-F71FE0D384C8}.Debug|x86.Build.0 = Debug|Win32
		{636B951B-D741-4838-A75C-F71FE0D384C8}.Release|x64.ActiveCfg = Release|x64
		{636B951B-D741-4838-A75C-F71FE0D384C8}.Release|x64.Build.0 = Release|x64
		{636B951B-D741-4838-A75C-F71FE0D384C8}.Release|x86.ActiveCfg = Release|Win32
		{636B951B-D741-4838-A75C-F71FE0D384C8}.Release|x86.Build.0 = Release|Win32
		{4D0C0622-BCAA-411E-9787-264082381977}.Debug|x64.ActiveCfg = Debug|x64
		{4D0C0622-BCAA-411E-9787-264082381977}.Debug|x64.Build.0 = Debug|x64
		{4D0C0622-BCAA-411E-9787-264082381977}.Debug|x86.ActiveCfg = Debug|Win32
		{4D0C0622-BCAA-411E-9787-264082381977}.Debug|x86.Build.0 = Debug|Win32
		{4D0C0622-BCAA-411E-9787-264082381977}.Release|x64.ActiveCfg = Release|x64
		{4D0C0622-BCAA-411E-9787-264082381977}.Release|x64.Build.0 = Release|x64
		{4D0C0622-BCAA-411E-9787-264082381977}.Release|x86.ActiveCfg = Release|Win32
		{4D0C0622-BCAA-411E-9787-264082381977}.Release|x86.Build.0 = Release|Win32
	EndGlobalSection
	GlobalSection(SolutionProperties) = preSolution
		HideSolutionNode = FALSE
	EndGlobalSection
	GlobalSection(ExtensibilityGlobals) = postSolution
		SolutionGuid = {64C21471-A1AB-42D1-B468-0E72124F92E9}
	EndGlobalSection
EndGlobal
